// !$*UTF8*$!
{
	archiveVersion = 1;
	classes = {
	};
	objectVersion = 55;
	objects = {

/* Begin PBXBuildFile section */
		19304D692768925000EA403A /* TestListDataConverter.swift in Sources */ = {isa = PBXBuildFile; fileRef = 19304D622768925000EA403A /* TestListDataConverter.swift */; };
		19304D6A2768925000EA403A /* TestListPresenter.swift in Sources */ = {isa = PBXBuildFile; fileRef = 19304D632768925000EA403A /* TestListPresenter.swift */; };
		19304D6B2768925000EA403A /* TestListRouter.swift in Sources */ = {isa = PBXBuildFile; fileRef = 19304D642768925000EA403A /* TestListRouter.swift */; };
		19304D6C2768925000EA403A /* TestListViewController.swift in Sources */ = {isa = PBXBuildFile; fileRef = 19304D652768925000EA403A /* TestListViewController.swift */; };
		19304D6D2768925000EA403A /* TestListAssembly.swift in Sources */ = {isa = PBXBuildFile; fileRef = 19304D662768925000EA403A /* TestListAssembly.swift */; };
		19304D6E2768925000EA403A /* TestListViewModel.swift in Sources */ = {isa = PBXBuildFile; fileRef = 19304D672768925000EA403A /* TestListViewModel.swift */; };
		19304D6F2768925000EA403A /* TestListTableViewManager.swift in Sources */ = {isa = PBXBuildFile; fileRef = 19304D682768925000EA403A /* TestListTableViewManager.swift */; };
		19304D71276894BC00EA403A /* TestListInteractor.swift in Sources */ = {isa = PBXBuildFile; fileRef = 19304D70276894BC00EA403A /* TestListInteractor.swift */; };
		19304D74276896DD00EA403A /* TestsModel.swift in Sources */ = {isa = PBXBuildFile; fileRef = 19304D73276896DD00EA403A /* TestsModel.swift */; };
		19304D77276897AF00EA403A /* Test.swift in Sources */ = {isa = PBXBuildFile; fileRef = 19304D76276897AF00EA403A /* Test.swift */; };
		19304D79276897B400EA403A /* Question.swift in Sources */ = {isa = PBXBuildFile; fileRef = 19304D78276897B400EA403A /* Question.swift */; };
		19304D81276898F100EA403A /* TestCell.swift in Sources */ = {isa = PBXBuildFile; fileRef = 19304D80276898F100EA403A /* TestCell.swift */; };
		193D993327623E60004ACA7F /* MainScreenPresenter.swift in Sources */ = {isa = PBXBuildFile; fileRef = 193D992C27623E60004ACA7F /* MainScreenPresenter.swift */; };
		193D993527623E60004ACA7F /* MainScreenViewController.swift in Sources */ = {isa = PBXBuildFile; fileRef = 193D992E27623E60004ACA7F /* MainScreenViewController.swift */; };
		193D993627623E60004ACA7F /* MainScreenAssembly.swift in Sources */ = {isa = PBXBuildFile; fileRef = 193D992F27623E60004ACA7F /* MainScreenAssembly.swift */; };
		193D993727623E60004ACA7F /* MainScreenInteractor.swift in Sources */ = {isa = PBXBuildFile; fileRef = 193D993027623E60004ACA7F /* MainScreenInteractor.swift */; };
		193D993B27623F0E004ACA7F /* ModuleTransitionHandler.swift in Sources */ = {isa = PBXBuildFile; fileRef = 193D993A27623F0E004ACA7F /* ModuleTransitionHandler.swift */; };
		193D994027624052004ACA7F /* AuthorizationPresenter.swift in Sources */ = {isa = PBXBuildFile; fileRef = 193D993C27624052004ACA7F /* AuthorizationPresenter.swift */; };
		193D994127624052004ACA7F /* AuthorizationRouter.swift in Sources */ = {isa = PBXBuildFile; fileRef = 193D993D27624052004ACA7F /* AuthorizationRouter.swift */; };
		193D994227624052004ACA7F /* AuthorizationViewController.swift in Sources */ = {isa = PBXBuildFile; fileRef = 193D993E27624052004ACA7F /* AuthorizationViewController.swift */; };
		193D994327624052004ACA7F /* AuthorizationAssembly.swift in Sources */ = {isa = PBXBuildFile; fileRef = 193D993F27624052004ACA7F /* AuthorizationAssembly.swift */; };
		193D9948276249D0004ACA7F /* Colors.xcassets in Resources */ = {isa = PBXBuildFile; fileRef = 193D9947276249D0004ACA7F /* Colors.xcassets */; };
		193D994D27624BF6004ACA7F /* R.generated.swift in Sources */ = {isa = PBXBuildFile; fileRef = 193D994C27624BF6004ACA7F /* R.generated.swift */; };
		193D994F27624C0C004ACA7F /* Constants.swift in Sources */ = {isa = PBXBuildFile; fileRef = 193D994E27624C0C004ACA7F /* Constants.swift */; };
		193D995127624E1E004ACA7F /* Configurable.swift in Sources */ = {isa = PBXBuildFile; fileRef = 193D995027624E1E004ACA7F /* Configurable.swift */; };
		193D99532762507D004ACA7F /* AuthorizationViewModel.swift in Sources */ = {isa = PBXBuildFile; fileRef = 193D99522762507D004ACA7F /* AuthorizationViewModel.swift */; };
		19436D2C2768A5DB00D2FA0A /* TestQuestionDataConverter.swift in Sources */ = {isa = PBXBuildFile; fileRef = 19436D222768A5DB00D2FA0A /* TestQuestionDataConverter.swift */; };
		19436D2E2768A5DB00D2FA0A /* TestQuestionPresenter.swift in Sources */ = {isa = PBXBuildFile; fileRef = 19436D242768A5DB00D2FA0A /* TestQuestionPresenter.swift */; };
		19436D2F2768A5DB00D2FA0A /* TestQuestionRouter.swift in Sources */ = {isa = PBXBuildFile; fileRef = 19436D252768A5DB00D2FA0A /* TestQuestionRouter.swift */; };
		19436D302768A5DB00D2FA0A /* TestQuestionViewController.swift in Sources */ = {isa = PBXBuildFile; fileRef = 19436D262768A5DB00D2FA0A /* TestQuestionViewController.swift */; };
		19436D312768A5DB00D2FA0A /* TestQuestionAssembly.swift in Sources */ = {isa = PBXBuildFile; fileRef = 19436D272768A5DB00D2FA0A /* TestQuestionAssembly.swift */; };
		19436D322768A5DB00D2FA0A /* TestQuestionInteractor.swift in Sources */ = {isa = PBXBuildFile; fileRef = 19436D282768A5DB00D2FA0A /* TestQuestionInteractor.swift */; };
		19436D342768A5DB00D2FA0A /* TestQuestionViewModel.swift in Sources */ = {isa = PBXBuildFile; fileRef = 19436D2A2768A5DB00D2FA0A /* TestQuestionViewModel.swift */; };
		19436D352768A5DB00D2FA0A /* TestQuestionTableViewManager.swift in Sources */ = {isa = PBXBuildFile; fileRef = 19436D2B2768A5DB00D2FA0A /* TestQuestionTableViewManager.swift */; };
		19436D3E2768A83F00D2FA0A /* TestQuestionTitleCell.swift in Sources */ = {isa = PBXBuildFile; fileRef = 19436D3D2768A83F00D2FA0A /* TestQuestionTitleCell.swift */; };
		19436D402768A85400D2FA0A /* TestAnswersCounterCell.swift in Sources */ = {isa = PBXBuildFile; fileRef = 19436D3F2768A85400D2FA0A /* TestAnswersCounterCell.swift */; };
		19436D432768AB6D00D2FA0A /* AnswerButton.swift in Sources */ = {isa = PBXBuildFile; fileRef = 19436D422768AB6D00D2FA0A /* AnswerButton.swift */; };
		19436D492768C5E600D2FA0A /* TestQuestionConfirmCell.swift in Sources */ = {isa = PBXBuildFile; fileRef = 19436D482768C5E600D2FA0A /* TestQuestionConfirmCell.swift */; };
		19436D4B2768CD2000D2FA0A /* Delegatable.swift in Sources */ = {isa = PBXBuildFile; fileRef = 19436D4A2768CD2000D2FA0A /* Delegatable.swift */; };
		19436D4D2768DA7C00D2FA0A /* UIStackView.swift in Sources */ = {isa = PBXBuildFile; fileRef = 19436D4C2768DA7C00D2FA0A /* UIStackView.swift */; };
		19436D562768DD1E00D2FA0A /* TestResultDataConverter.swift in Sources */ = {isa = PBXBuildFile; fileRef = 19436D4F2768DD1E00D2FA0A /* TestResultDataConverter.swift */; };
		19436D572768DD1E00D2FA0A /* TestResultPresenter.swift in Sources */ = {isa = PBXBuildFile; fileRef = 19436D502768DD1E00D2FA0A /* TestResultPresenter.swift */; };
		19436D582768DD1E00D2FA0A /* TestResultRouter.swift in Sources */ = {isa = PBXBuildFile; fileRef = 19436D512768DD1E00D2FA0A /* TestResultRouter.swift */; };
		19436D592768DD1E00D2FA0A /* TestResultViewController.swift in Sources */ = {isa = PBXBuildFile; fileRef = 19436D522768DD1E00D2FA0A /* TestResultViewController.swift */; };
		19436D5A2768DD1E00D2FA0A /* TestResultAssembly.swift in Sources */ = {isa = PBXBuildFile; fileRef = 19436D532768DD1E00D2FA0A /* TestResultAssembly.swift */; };
		19436D5B2768DD1E00D2FA0A /* TestResultViewModel.swift in Sources */ = {isa = PBXBuildFile; fileRef = 19436D542768DD1E00D2FA0A /* TestResultViewModel.swift */; };
		19436D5C2768DD1E00D2FA0A /* TestResultTableViewManager.swift in Sources */ = {isa = PBXBuildFile; fileRef = 19436D552768DD1E00D2FA0A /* TestResultTableViewManager.swift */; };
		19436D5E2768EE7400D2FA0A /* TestResultInteractor.swift in Sources */ = {isa = PBXBuildFile; fileRef = 19436D5D2768EE7400D2FA0A /* TestResultInteractor.swift */; };
		19436D602768F0B600D2FA0A /* RightAnswersModel.swift in Sources */ = {isa = PBXBuildFile; fileRef = 19436D5F2768F0B600D2FA0A /* RightAnswersModel.swift */; };
		1952AA722760FD3D00675931 /* AppDelegate.swift in Sources */ = {isa = PBXBuildFile; fileRef = 1952AA712760FD3D00675931 /* AppDelegate.swift */; };
		1952AA7B2760FD3E00675931 /* Assets.xcassets in Resources */ = {isa = PBXBuildFile; fileRef = 1952AA7A2760FD3E00675931 /* Assets.xcassets */; };
		1952AA7E2760FD3E00675931 /* LaunchScreen.storyboard in Resources */ = {isa = PBXBuildFile; fileRef = 1952AA7C2760FD3E00675931 /* LaunchScreen.storyboard */; };
		1952AA8E2761003D00675931 /* ViewOutput.swift in Sources */ = {isa = PBXBuildFile; fileRef = 1952AA8D2761003D00675931 /* ViewOutput.swift */; };
		1952AA93276100C600675931 /* Assembly.swift in Sources */ = {isa = PBXBuildFile; fileRef = 1952AA92276100C600675931 /* Assembly.swift */; };
		1952AA95276100EE00675931 /* TransitionModel.swift in Sources */ = {isa = PBXBuildFile; fileRef = 1952AA94276100EE00675931 /* TransitionModel.swift */; };
		1982B50C27632647003DAB1A /* GoogleService-Info.plist in Resources */ = {isa = PBXBuildFile; fileRef = 1982B50B27632647003DAB1A /* GoogleService-Info.plist */; };
		1982B50F276327B8003DAB1A /* FirebaseAnalytics in Frameworks */ = {isa = PBXBuildFile; productRef = 1982B50E276327B8003DAB1A /* FirebaseAnalytics */; };
		1982B511276327B8003DAB1A /* FirebaseAnalyticsSwift-Beta in Frameworks */ = {isa = PBXBuildFile; productRef = 1982B510276327B8003DAB1A /* FirebaseAnalyticsSwift-Beta */; };
		1982B513276327B8003DAB1A /* FirebaseAnalyticsWithoutAdIdSupport in Frameworks */ = {isa = PBXBuildFile; productRef = 1982B512276327B8003DAB1A /* FirebaseAnalyticsWithoutAdIdSupport */; };
		1982B515276327B8003DAB1A /* FirebaseAppCheck in Frameworks */ = {isa = PBXBuildFile; productRef = 1982B514276327B8003DAB1A /* FirebaseAppCheck */; };
		1982B517276327B8003DAB1A /* FirebaseAppDistribution-Beta in Frameworks */ = {isa = PBXBuildFile; productRef = 1982B516276327B8003DAB1A /* FirebaseAppDistribution-Beta */; };
		1982B519276327B8003DAB1A /* FirebaseAuth in Frameworks */ = {isa = PBXBuildFile; productRef = 1982B518276327B8003DAB1A /* FirebaseAuth */; };
		1982B51B276327B8003DAB1A /* FirebaseAuthCombine-Community in Frameworks */ = {isa = PBXBuildFile; productRef = 1982B51A276327B8003DAB1A /* FirebaseAuthCombine-Community */; };
		1982B51D276327B8003DAB1A /* FirebaseCrashlytics in Frameworks */ = {isa = PBXBuildFile; productRef = 1982B51C276327B8003DAB1A /* FirebaseCrashlytics */; };
		1982B51F276327B8003DAB1A /* FirebaseDatabase in Frameworks */ = {isa = PBXBuildFile; productRef = 1982B51E276327B8003DAB1A /* FirebaseDatabase */; };
		1982B521276327B8003DAB1A /* FirebaseDatabaseSwift-Beta in Frameworks */ = {isa = PBXBuildFile; productRef = 1982B520276327B8003DAB1A /* FirebaseDatabaseSwift-Beta */; };
		1982B523276327B8003DAB1A /* FirebaseDynamicLinks in Frameworks */ = {isa = PBXBuildFile; productRef = 1982B522276327B8003DAB1A /* FirebaseDynamicLinks */; };
		1982B525276327B8003DAB1A /* FirebaseFirestore in Frameworks */ = {isa = PBXBuildFile; productRef = 1982B524276327B8003DAB1A /* FirebaseFirestore */; };
		1982B527276327B8003DAB1A /* FirebaseFirestoreCombine-Community in Frameworks */ = {isa = PBXBuildFile; productRef = 1982B526276327B8003DAB1A /* FirebaseFirestoreCombine-Community */; };
		1982B529276327B8003DAB1A /* FirebaseFirestoreSwift-Beta in Frameworks */ = {isa = PBXBuildFile; productRef = 1982B528276327B8003DAB1A /* FirebaseFirestoreSwift-Beta */; };
		1982B52B276327B8003DAB1A /* FirebaseFunctions in Frameworks */ = {isa = PBXBuildFile; productRef = 1982B52A276327B8003DAB1A /* FirebaseFunctions */; };
		1982B52D276327B8003DAB1A /* FirebaseFunctionsCombine-Community in Frameworks */ = {isa = PBXBuildFile; productRef = 1982B52C276327B8003DAB1A /* FirebaseFunctionsCombine-Community */; };
		1982B52F276327B8003DAB1A /* FirebaseInAppMessaging-Beta in Frameworks */ = {isa = PBXBuildFile; productRef = 1982B52E276327B8003DAB1A /* FirebaseInAppMessaging-Beta */; };
		1982B531276327B8003DAB1A /* FirebaseInAppMessagingSwift-Beta in Frameworks */ = {isa = PBXBuildFile; productRef = 1982B530276327B8003DAB1A /* FirebaseInAppMessagingSwift-Beta */; };
		1982B533276327B8003DAB1A /* FirebaseInstallations in Frameworks */ = {isa = PBXBuildFile; productRef = 1982B532276327B8003DAB1A /* FirebaseInstallations */; };
		1982B535276327B8003DAB1A /* FirebaseMLModelDownloader in Frameworks */ = {isa = PBXBuildFile; productRef = 1982B534276327B8003DAB1A /* FirebaseMLModelDownloader */; };
		1982B537276327B8003DAB1A /* FirebaseMessaging in Frameworks */ = {isa = PBXBuildFile; productRef = 1982B536276327B8003DAB1A /* FirebaseMessaging */; };
		1982B539276327B8003DAB1A /* FirebasePerformance in Frameworks */ = {isa = PBXBuildFile; productRef = 1982B538276327B8003DAB1A /* FirebasePerformance */; };
		1982B53B276327B8003DAB1A /* FirebaseRemoteConfig in Frameworks */ = {isa = PBXBuildFile; productRef = 1982B53A276327B8003DAB1A /* FirebaseRemoteConfig */; };
		1982B53D276327B8003DAB1A /* FirebaseStorage in Frameworks */ = {isa = PBXBuildFile; productRef = 1982B53C276327B8003DAB1A /* FirebaseStorage */; };
		1982B53F276327B8003DAB1A /* FirebaseStorageCombine-Community in Frameworks */ = {isa = PBXBuildFile; productRef = 1982B53E276327B8003DAB1A /* FirebaseStorageCombine-Community */; };
		1982B541276327B8003DAB1A /* FirebaseStorageSwift-Beta in Frameworks */ = {isa = PBXBuildFile; productRef = 1982B540276327B8003DAB1A /* FirebaseStorageSwift-Beta */; };
		1982B544276330B8003DAB1A /* FBAuthService.swift in Sources */ = {isa = PBXBuildFile; fileRef = 1982B543276330B8003DAB1A /* FBAuthService.swift */; };
		1982B546276335F1003DAB1A /* DispatchQueue.swift in Sources */ = {isa = PBXBuildFile; fileRef = 1982B545276335F1003DAB1A /* DispatchQueue.swift */; };
		1982B54827633B1A003DAB1A /* AuthorizationInteractor.swift in Sources */ = {isa = PBXBuildFile; fileRef = 1982B54727633B1A003DAB1A /* AuthorizationInteractor.swift */; };
		1982B54B27634287003DAB1A /* UIViewController+HUD.swift in Sources */ = {isa = PBXBuildFile; fileRef = 1982B54A27634287003DAB1A /* UIViewController+HUD.swift */; };
		1982B54D2763446B003DAB1A /* ProgressHUD.swift in Sources */ = {isa = PBXBuildFile; fileRef = 1982B54C2763446B003DAB1A /* ProgressHUD.swift */; };
		1982B54F27634582003DAB1A /* ProgressHUDSize.swift in Sources */ = {isa = PBXBuildFile; fileRef = 1982B54E27634582003DAB1A /* ProgressHUDSize.swift */; };
		1982B5512763467C003DAB1A /* ProgressHUDContainer.swift in Sources */ = {isa = PBXBuildFile; fileRef = 1982B5502763467C003DAB1A /* ProgressHUDContainer.swift */; };
		1982B55927635858003DAB1A /* TestCategoriesPresenter.swift in Sources */ = {isa = PBXBuildFile; fileRef = 1982B55527635858003DAB1A /* TestCategoriesPresenter.swift */; };
		1982B55A27635858003DAB1A /* TestCategoriesRouter.swift in Sources */ = {isa = PBXBuildFile; fileRef = 1982B55627635858003DAB1A /* TestCategoriesRouter.swift */; };
		1982B55B27635858003DAB1A /* TestCategoriesViewController.swift in Sources */ = {isa = PBXBuildFile; fileRef = 1982B55727635858003DAB1A /* TestCategoriesViewController.swift */; };
		1982B55C27635858003DAB1A /* TestCategoriesAssembly.swift in Sources */ = {isa = PBXBuildFile; fileRef = 1982B55827635858003DAB1A /* TestCategoriesAssembly.swift */; };
		1982B55E27636842003DAB1A /* Collection+SafeSubscript.swift in Sources */ = {isa = PBXBuildFile; fileRef = 1982B55D27636841003DAB1A /* Collection+SafeSubscript.swift */; };
		1982B564276398E7003DAB1A /* ProfilePresenter.swift in Sources */ = {isa = PBXBuildFile; fileRef = 1982B560276398E7003DAB1A /* ProfilePresenter.swift */; };
		1982B565276398E7003DAB1A /* ProfileRouter.swift in Sources */ = {isa = PBXBuildFile; fileRef = 1982B561276398E7003DAB1A /* ProfileRouter.swift */; };
		1982B566276398E7003DAB1A /* ProfileViewController.swift in Sources */ = {isa = PBXBuildFile; fileRef = 1982B562276398E7003DAB1A /* ProfileViewController.swift */; };
		1982B567276398E7003DAB1A /* ProfileAssembly.swift in Sources */ = {isa = PBXBuildFile; fileRef = 1982B563276398E7003DAB1A /* ProfileAssembly.swift */; };
		1982B5692763998A003DAB1A /* ProfileViewModel.swift in Sources */ = {isa = PBXBuildFile; fileRef = 1982B5682763998A003DAB1A /* ProfileViewModel.swift */; };
		1982B56C27639B10003DAB1A /* AuthorizedUserModel.swift in Sources */ = {isa = PBXBuildFile; fileRef = 1982B56B27639B10003DAB1A /* AuthorizedUserModel.swift */; };
		19861D99276A353800D3C041 /* RegistrationPresenter.swift in Sources */ = {isa = PBXBuildFile; fileRef = 19861D92276A353800D3C041 /* RegistrationPresenter.swift */; };
		19861D9A276A353800D3C041 /* RegistrationRouter.swift in Sources */ = {isa = PBXBuildFile; fileRef = 19861D93276A353800D3C041 /* RegistrationRouter.swift */; };
		19861D9B276A353800D3C041 /* RegistrationViewController.swift in Sources */ = {isa = PBXBuildFile; fileRef = 19861D94276A353800D3C041 /* RegistrationViewController.swift */; };
		19861D9C276A353800D3C041 /* RegistrationAssembly.swift in Sources */ = {isa = PBXBuildFile; fileRef = 19861D95276A353800D3C041 /* RegistrationAssembly.swift */; };
		19861D9D276A353800D3C041 /* RegistrationInteractor.swift in Sources */ = {isa = PBXBuildFile; fileRef = 19861D96276A353800D3C041 /* RegistrationInteractor.swift */; };
		19861D9E276A353800D3C041 /* NewUserModel.swift in Sources */ = {isa = PBXBuildFile; fileRef = 19861D97276A353800D3C041 /* NewUserModel.swift */; };
		19861DAC276A627C00D3C041 /* Struct+Dictionary.swift in Sources */ = {isa = PBXBuildFile; fileRef = 19861DAB276A627C00D3C041 /* Struct+Dictionary.swift */; };
		19BB25F12764A8B4004F165B /* FBDatabaseService.swift in Sources */ = {isa = PBXBuildFile; fileRef = 19BB25F02764A8B4004F165B /* FBDatabaseService.swift */; };
		19BB25F32764C35E004F165B /* FBDatabaseReference.swift in Sources */ = {isa = PBXBuildFile; fileRef = 19BB25F22764C35E004F165B /* FBDatabaseReference.swift */; };
		19BB25F92764CC18004F165B /* FBDatabasePath.swift in Sources */ = {isa = PBXBuildFile; fileRef = 19BB25F82764CC18004F165B /* FBDatabasePath.swift */; };
		19D5C9BE27673692000109F2 /* TestCategoriesTableViewManager.swift in Sources */ = {isa = PBXBuildFile; fileRef = 19D5C9BD27673692000109F2 /* TestCategoriesTableViewManager.swift */; };
		19D5C9C1276736D0000109F2 /* TestCategoriesViewModel.swift in Sources */ = {isa = PBXBuildFile; fileRef = 19D5C9C0276736D0000109F2 /* TestCategoriesViewModel.swift */; };
		19D5C9C4276738FA000109F2 /* EmptyTableView.swift in Sources */ = {isa = PBXBuildFile; fileRef = 19D5C9C3276738FA000109F2 /* EmptyTableView.swift */; };
		19D5C9C62767396F000109F2 /* TestCategoriesCell.swift in Sources */ = {isa = PBXBuildFile; fileRef = 19D5C9C52767396F000109F2 /* TestCategoriesCell.swift */; };
		19D5C9C827673B21000109F2 /* UITableVIew+RegisterCell.swift in Sources */ = {isa = PBXBuildFile; fileRef = 19D5C9C727673B21000109F2 /* UITableVIew+RegisterCell.swift */; };
		19D5C9CA27673EBA000109F2 /* NSObject.swift in Sources */ = {isa = PBXBuildFile; fileRef = 19D5C9C927673EBA000109F2 /* NSObject.swift */; };
		19D5C9CC27673F69000109F2 /* CellConfigurator.swift in Sources */ = {isa = PBXBuildFile; fileRef = 19D5C9CB27673F69000109F2 /* CellConfigurator.swift */; };
		19D5C9CF27674098000109F2 /* TestCategoriesInteractor.swift in Sources */ = {isa = PBXBuildFile; fileRef = 19D5C9CE27674098000109F2 /* TestCategoriesInteractor.swift */; };
		19D5C9D127674B43000109F2 /* TestCategoriesDataConverter.swift in Sources */ = {isa = PBXBuildFile; fileRef = 19D5C9D027674B43000109F2 /* TestCategoriesDataConverter.swift */; };
		19D5C9D327674BF1000109F2 /* TableCellConfigurator.swift in Sources */ = {isa = PBXBuildFile; fileRef = 19D5C9D227674BF1000109F2 /* TableCellConfigurator.swift */; };
		19D5C9D527675343000109F2 /* Alertable.swift in Sources */ = {isa = PBXBuildFile; fileRef = 19D5C9D427675343000109F2 /* Alertable.swift */; };
		19D5C9D82767538C000109F2 /* AlertAction.swift in Sources */ = {isa = PBXBuildFile; fileRef = 19D5C9D72767538C000109F2 /* AlertAction.swift */; };
		19D5C9DB27679F6B000109F2 /* TestCategoryModel.swift in Sources */ = {isa = PBXBuildFile; fileRef = 19D5C9DA27679F6B000109F2 /* TestCategoryModel.swift */; };
		19D5C9DE2767AEAA000109F2 /* Parser.swift in Sources */ = {isa = PBXBuildFile; fileRef = 19D5C9DD2767AEAA000109F2 /* Parser.swift */; };
		19D5C9E12767B2D0000109F2 /* ErrorModel.swift in Sources */ = {isa = PBXBuildFile; fileRef = 19D5C9E02767B2D0000109F2 /* ErrorModel.swift */; };
		7F0FA2D73F5CD2AADC74B53E /* Pods_Questionnaire.framework in Frameworks */ = {isa = PBXBuildFile; fileRef = 3998792933EDD44090A72F63 /* Pods_Questionnaire.framework */; };
/* End PBXBuildFile section */

/* Begin PBXFileReference section */
		19304D622768925000EA403A /* TestListDataConverter.swift */ = {isa = PBXFileReference; lastKnownFileType = sourcecode.swift; path = TestListDataConverter.swift; sourceTree = "<group>"; };
		19304D632768925000EA403A /* TestListPresenter.swift */ = {isa = PBXFileReference; lastKnownFileType = sourcecode.swift; path = TestListPresenter.swift; sourceTree = "<group>"; };
		19304D642768925000EA403A /* TestListRouter.swift */ = {isa = PBXFileReference; lastKnownFileType = sourcecode.swift; path = TestListRouter.swift; sourceTree = "<group>"; };
		19304D652768925000EA403A /* TestListViewController.swift */ = {isa = PBXFileReference; lastKnownFileType = sourcecode.swift; path = TestListViewController.swift; sourceTree = "<group>"; };
		19304D662768925000EA403A /* TestListAssembly.swift */ = {isa = PBXFileReference; lastKnownFileType = sourcecode.swift; path = TestListAssembly.swift; sourceTree = "<group>"; };
		19304D672768925000EA403A /* TestListViewModel.swift */ = {isa = PBXFileReference; lastKnownFileType = sourcecode.swift; path = TestListViewModel.swift; sourceTree = "<group>"; };
		19304D682768925000EA403A /* TestListTableViewManager.swift */ = {isa = PBXFileReference; lastKnownFileType = sourcecode.swift; path = TestListTableViewManager.swift; sourceTree = "<group>"; };
		19304D70276894BC00EA403A /* TestListInteractor.swift */ = {isa = PBXFileReference; lastKnownFileType = sourcecode.swift; path = TestListInteractor.swift; sourceTree = "<group>"; };
		19304D73276896DD00EA403A /* TestsModel.swift */ = {isa = PBXFileReference; lastKnownFileType = sourcecode.swift; path = TestsModel.swift; sourceTree = "<group>"; };
		19304D76276897AF00EA403A /* Test.swift */ = {isa = PBXFileReference; lastKnownFileType = sourcecode.swift; path = Test.swift; sourceTree = "<group>"; };
		19304D78276897B400EA403A /* Question.swift */ = {isa = PBXFileReference; lastKnownFileType = sourcecode.swift; path = Question.swift; sourceTree = "<group>"; };
		19304D80276898F100EA403A /* TestCell.swift */ = {isa = PBXFileReference; lastKnownFileType = sourcecode.swift; path = TestCell.swift; sourceTree = "<group>"; };
		193D992C27623E60004ACA7F /* MainScreenPresenter.swift */ = {isa = PBXFileReference; lastKnownFileType = sourcecode.swift; path = MainScreenPresenter.swift; sourceTree = "<group>"; };
		193D992E27623E60004ACA7F /* MainScreenViewController.swift */ = {isa = PBXFileReference; lastKnownFileType = sourcecode.swift; path = MainScreenViewController.swift; sourceTree = "<group>"; };
		193D992F27623E60004ACA7F /* MainScreenAssembly.swift */ = {isa = PBXFileReference; lastKnownFileType = sourcecode.swift; path = MainScreenAssembly.swift; sourceTree = "<group>"; };
		193D993027623E60004ACA7F /* MainScreenInteractor.swift */ = {isa = PBXFileReference; lastKnownFileType = sourcecode.swift; path = MainScreenInteractor.swift; sourceTree = "<group>"; };
		193D993A27623F0E004ACA7F /* ModuleTransitionHandler.swift */ = {isa = PBXFileReference; lastKnownFileType = sourcecode.swift; path = ModuleTransitionHandler.swift; sourceTree = "<group>"; };
		193D993C27624052004ACA7F /* AuthorizationPresenter.swift */ = {isa = PBXFileReference; lastKnownFileType = sourcecode.swift; path = AuthorizationPresenter.swift; sourceTree = "<group>"; };
		193D993D27624052004ACA7F /* AuthorizationRouter.swift */ = {isa = PBXFileReference; lastKnownFileType = sourcecode.swift; path = AuthorizationRouter.swift; sourceTree = "<group>"; };
		193D993E27624052004ACA7F /* AuthorizationViewController.swift */ = {isa = PBXFileReference; lastKnownFileType = sourcecode.swift; path = AuthorizationViewController.swift; sourceTree = "<group>"; };
		193D993F27624052004ACA7F /* AuthorizationAssembly.swift */ = {isa = PBXFileReference; lastKnownFileType = sourcecode.swift; path = AuthorizationAssembly.swift; sourceTree = "<group>"; };
		193D9947276249D0004ACA7F /* Colors.xcassets */ = {isa = PBXFileReference; lastKnownFileType = folder.assetcatalog; path = Colors.xcassets; sourceTree = "<group>"; };
		193D994C27624BF6004ACA7F /* R.generated.swift */ = {isa = PBXFileReference; fileEncoding = 4; lastKnownFileType = sourcecode.swift; path = R.generated.swift; sourceTree = SOURCE_ROOT; };
		193D994E27624C0C004ACA7F /* Constants.swift */ = {isa = PBXFileReference; lastKnownFileType = sourcecode.swift; path = Constants.swift; sourceTree = "<group>"; };
		193D995027624E1E004ACA7F /* Configurable.swift */ = {isa = PBXFileReference; lastKnownFileType = sourcecode.swift; path = Configurable.swift; sourceTree = "<group>"; };
		193D99522762507D004ACA7F /* AuthorizationViewModel.swift */ = {isa = PBXFileReference; lastKnownFileType = sourcecode.swift; path = AuthorizationViewModel.swift; sourceTree = "<group>"; };
		19436D222768A5DB00D2FA0A /* TestQuestionDataConverter.swift */ = {isa = PBXFileReference; lastKnownFileType = sourcecode.swift; path = TestQuestionDataConverter.swift; sourceTree = "<group>"; };
		19436D242768A5DB00D2FA0A /* TestQuestionPresenter.swift */ = {isa = PBXFileReference; lastKnownFileType = sourcecode.swift; path = TestQuestionPresenter.swift; sourceTree = "<group>"; };
		19436D252768A5DB00D2FA0A /* TestQuestionRouter.swift */ = {isa = PBXFileReference; lastKnownFileType = sourcecode.swift; path = TestQuestionRouter.swift; sourceTree = "<group>"; };
		19436D262768A5DB00D2FA0A /* TestQuestionViewController.swift */ = {isa = PBXFileReference; lastKnownFileType = sourcecode.swift; path = TestQuestionViewController.swift; sourceTree = "<group>"; };
		19436D272768A5DB00D2FA0A /* TestQuestionAssembly.swift */ = {isa = PBXFileReference; lastKnownFileType = sourcecode.swift; path = TestQuestionAssembly.swift; sourceTree = "<group>"; };
		19436D282768A5DB00D2FA0A /* TestQuestionInteractor.swift */ = {isa = PBXFileReference; lastKnownFileType = sourcecode.swift; path = TestQuestionInteractor.swift; sourceTree = "<group>"; };
		19436D2A2768A5DB00D2FA0A /* TestQuestionViewModel.swift */ = {isa = PBXFileReference; lastKnownFileType = sourcecode.swift; path = TestQuestionViewModel.swift; sourceTree = "<group>"; };
		19436D2B2768A5DB00D2FA0A /* TestQuestionTableViewManager.swift */ = {isa = PBXFileReference; lastKnownFileType = sourcecode.swift; path = TestQuestionTableViewManager.swift; sourceTree = "<group>"; };
		19436D3D2768A83F00D2FA0A /* TestQuestionTitleCell.swift */ = {isa = PBXFileReference; lastKnownFileType = sourcecode.swift; path = TestQuestionTitleCell.swift; sourceTree = "<group>"; };
		19436D3F2768A85400D2FA0A /* TestAnswersCounterCell.swift */ = {isa = PBXFileReference; lastKnownFileType = sourcecode.swift; path = TestAnswersCounterCell.swift; sourceTree = "<group>"; };
		19436D422768AB6D00D2FA0A /* AnswerButton.swift */ = {isa = PBXFileReference; lastKnownFileType = sourcecode.swift; path = AnswerButton.swift; sourceTree = "<group>"; };
		19436D482768C5E600D2FA0A /* TestQuestionConfirmCell.swift */ = {isa = PBXFileReference; lastKnownFileType = sourcecode.swift; path = TestQuestionConfirmCell.swift; sourceTree = "<group>"; };
		19436D4A2768CD2000D2FA0A /* Delegatable.swift */ = {isa = PBXFileReference; lastKnownFileType = sourcecode.swift; path = Delegatable.swift; sourceTree = "<group>"; };
		19436D4C2768DA7C00D2FA0A /* UIStackView.swift */ = {isa = PBXFileReference; lastKnownFileType = sourcecode.swift; path = UIStackView.swift; sourceTree = "<group>"; };
		19436D4F2768DD1E00D2FA0A /* TestResultDataConverter.swift */ = {isa = PBXFileReference; lastKnownFileType = sourcecode.swift; path = TestResultDataConverter.swift; sourceTree = "<group>"; };
		19436D502768DD1E00D2FA0A /* TestResultPresenter.swift */ = {isa = PBXFileReference; lastKnownFileType = sourcecode.swift; path = TestResultPresenter.swift; sourceTree = "<group>"; };
		19436D512768DD1E00D2FA0A /* TestResultRouter.swift */ = {isa = PBXFileReference; lastKnownFileType = sourcecode.swift; path = TestResultRouter.swift; sourceTree = "<group>"; };
		19436D522768DD1E00D2FA0A /* TestResultViewController.swift */ = {isa = PBXFileReference; lastKnownFileType = sourcecode.swift; path = TestResultViewController.swift; sourceTree = "<group>"; };
		19436D532768DD1E00D2FA0A /* TestResultAssembly.swift */ = {isa = PBXFileReference; lastKnownFileType = sourcecode.swift; path = TestResultAssembly.swift; sourceTree = "<group>"; };
		19436D542768DD1E00D2FA0A /* TestResultViewModel.swift */ = {isa = PBXFileReference; lastKnownFileType = sourcecode.swift; path = TestResultViewModel.swift; sourceTree = "<group>"; };
		19436D552768DD1E00D2FA0A /* TestResultTableViewManager.swift */ = {isa = PBXFileReference; lastKnownFileType = sourcecode.swift; path = TestResultTableViewManager.swift; sourceTree = "<group>"; };
		19436D5D2768EE7400D2FA0A /* TestResultInteractor.swift */ = {isa = PBXFileReference; lastKnownFileType = sourcecode.swift; path = TestResultInteractor.swift; sourceTree = "<group>"; };
		19436D5F2768F0B600D2FA0A /* RightAnswersModel.swift */ = {isa = PBXFileReference; lastKnownFileType = sourcecode.swift; path = RightAnswersModel.swift; sourceTree = "<group>"; };
		1952AA6E2760FD3D00675931 /* Questionnaire.app */ = {isa = PBXFileReference; explicitFileType = wrapper.application; includeInIndex = 0; path = Questionnaire.app; sourceTree = BUILT_PRODUCTS_DIR; };
		1952AA712760FD3D00675931 /* AppDelegate.swift */ = {isa = PBXFileReference; lastKnownFileType = sourcecode.swift; path = AppDelegate.swift; sourceTree = "<group>"; };
		1952AA7A2760FD3E00675931 /* Assets.xcassets */ = {isa = PBXFileReference; lastKnownFileType = folder.assetcatalog; path = Assets.xcassets; sourceTree = "<group>"; };
		1952AA7D2760FD3E00675931 /* Base */ = {isa = PBXFileReference; lastKnownFileType = file.storyboard; name = Base; path = Base.lproj/LaunchScreen.storyboard; sourceTree = "<group>"; };
		1952AA7F2760FD3E00675931 /* Info.plist */ = {isa = PBXFileReference; lastKnownFileType = text.plist.xml; path = Info.plist; sourceTree = "<group>"; };
		1952AA8D2761003D00675931 /* ViewOutput.swift */ = {isa = PBXFileReference; lastKnownFileType = sourcecode.swift; path = ViewOutput.swift; sourceTree = "<group>"; };
		1952AA92276100C600675931 /* Assembly.swift */ = {isa = PBXFileReference; lastKnownFileType = sourcecode.swift; path = Assembly.swift; sourceTree = "<group>"; };
		1952AA94276100EE00675931 /* TransitionModel.swift */ = {isa = PBXFileReference; lastKnownFileType = sourcecode.swift; path = TransitionModel.swift; sourceTree = "<group>"; };
		1982B50B27632647003DAB1A /* GoogleService-Info.plist */ = {isa = PBXFileReference; fileEncoding = 4; lastKnownFileType = text.plist.xml; path = "GoogleService-Info.plist"; sourceTree = "<group>"; };
		1982B543276330B8003DAB1A /* FBAuthService.swift */ = {isa = PBXFileReference; lastKnownFileType = sourcecode.swift; path = FBAuthService.swift; sourceTree = "<group>"; };
		1982B545276335F1003DAB1A /* DispatchQueue.swift */ = {isa = PBXFileReference; lastKnownFileType = sourcecode.swift; path = DispatchQueue.swift; sourceTree = "<group>"; };
		1982B54727633B1A003DAB1A /* AuthorizationInteractor.swift */ = {isa = PBXFileReference; lastKnownFileType = sourcecode.swift; path = AuthorizationInteractor.swift; sourceTree = "<group>"; };
		1982B54A27634287003DAB1A /* UIViewController+HUD.swift */ = {isa = PBXFileReference; lastKnownFileType = sourcecode.swift; path = "UIViewController+HUD.swift"; sourceTree = "<group>"; };
		1982B54C2763446B003DAB1A /* ProgressHUD.swift */ = {isa = PBXFileReference; lastKnownFileType = sourcecode.swift; path = ProgressHUD.swift; sourceTree = "<group>"; };
		1982B54E27634582003DAB1A /* ProgressHUDSize.swift */ = {isa = PBXFileReference; lastKnownFileType = sourcecode.swift; path = ProgressHUDSize.swift; sourceTree = "<group>"; };
		1982B5502763467C003DAB1A /* ProgressHUDContainer.swift */ = {isa = PBXFileReference; lastKnownFileType = sourcecode.swift; path = ProgressHUDContainer.swift; sourceTree = "<group>"; };
		1982B55527635858003DAB1A /* TestCategoriesPresenter.swift */ = {isa = PBXFileReference; lastKnownFileType = sourcecode.swift; path = TestCategoriesPresenter.swift; sourceTree = "<group>"; };
		1982B55627635858003DAB1A /* TestCategoriesRouter.swift */ = {isa = PBXFileReference; lastKnownFileType = sourcecode.swift; path = TestCategoriesRouter.swift; sourceTree = "<group>"; };
		1982B55727635858003DAB1A /* TestCategoriesViewController.swift */ = {isa = PBXFileReference; lastKnownFileType = sourcecode.swift; path = TestCategoriesViewController.swift; sourceTree = "<group>"; };
		1982B55827635858003DAB1A /* TestCategoriesAssembly.swift */ = {isa = PBXFileReference; lastKnownFileType = sourcecode.swift; path = TestCategoriesAssembly.swift; sourceTree = "<group>"; };
		1982B55D27636841003DAB1A /* Collection+SafeSubscript.swift */ = {isa = PBXFileReference; fileEncoding = 4; lastKnownFileType = sourcecode.swift; path = "Collection+SafeSubscript.swift"; sourceTree = "<group>"; };
		1982B560276398E7003DAB1A /* ProfilePresenter.swift */ = {isa = PBXFileReference; lastKnownFileType = sourcecode.swift; path = ProfilePresenter.swift; sourceTree = "<group>"; };
		1982B561276398E7003DAB1A /* ProfileRouter.swift */ = {isa = PBXFileReference; lastKnownFileType = sourcecode.swift; path = ProfileRouter.swift; sourceTree = "<group>"; };
		1982B562276398E7003DAB1A /* ProfileViewController.swift */ = {isa = PBXFileReference; lastKnownFileType = sourcecode.swift; path = ProfileViewController.swift; sourceTree = "<group>"; };
		1982B563276398E7003DAB1A /* ProfileAssembly.swift */ = {isa = PBXFileReference; lastKnownFileType = sourcecode.swift; path = ProfileAssembly.swift; sourceTree = "<group>"; };
		1982B5682763998A003DAB1A /* ProfileViewModel.swift */ = {isa = PBXFileReference; lastKnownFileType = sourcecode.swift; path = ProfileViewModel.swift; sourceTree = "<group>"; };
		1982B56B27639B10003DAB1A /* AuthorizedUserModel.swift */ = {isa = PBXFileReference; lastKnownFileType = sourcecode.swift; path = AuthorizedUserModel.swift; sourceTree = "<group>"; };
		19861D92276A353800D3C041 /* RegistrationPresenter.swift */ = {isa = PBXFileReference; lastKnownFileType = sourcecode.swift; path = RegistrationPresenter.swift; sourceTree = "<group>"; };
		19861D93276A353800D3C041 /* RegistrationRouter.swift */ = {isa = PBXFileReference; lastKnownFileType = sourcecode.swift; path = RegistrationRouter.swift; sourceTree = "<group>"; };
		19861D94276A353800D3C041 /* RegistrationViewController.swift */ = {isa = PBXFileReference; lastKnownFileType = sourcecode.swift; path = RegistrationViewController.swift; sourceTree = "<group>"; };
		19861D95276A353800D3C041 /* RegistrationAssembly.swift */ = {isa = PBXFileReference; lastKnownFileType = sourcecode.swift; path = RegistrationAssembly.swift; sourceTree = "<group>"; };
		19861D96276A353800D3C041 /* RegistrationInteractor.swift */ = {isa = PBXFileReference; lastKnownFileType = sourcecode.swift; path = RegistrationInteractor.swift; sourceTree = "<group>"; };
		19861D97276A353800D3C041 /* NewUserModel.swift */ = {isa = PBXFileReference; lastKnownFileType = sourcecode.swift; path = NewUserModel.swift; sourceTree = "<group>"; };
		19861DAB276A627C00D3C041 /* Struct+Dictionary.swift */ = {isa = PBXFileReference; lastKnownFileType = sourcecode.swift; path = "Struct+Dictionary.swift"; sourceTree = "<group>"; };
		19BB25F02764A8B4004F165B /* FBDatabaseService.swift */ = {isa = PBXFileReference; lastKnownFileType = sourcecode.swift; path = FBDatabaseService.swift; sourceTree = "<group>"; };
		19BB25F22764C35E004F165B /* FBDatabaseReference.swift */ = {isa = PBXFileReference; lastKnownFileType = sourcecode.swift; path = FBDatabaseReference.swift; sourceTree = "<group>"; };
		19BB25F82764CC18004F165B /* FBDatabasePath.swift */ = {isa = PBXFileReference; lastKnownFileType = sourcecode.swift; path = FBDatabasePath.swift; sourceTree = "<group>"; };
		19D5C9BD27673692000109F2 /* TestCategoriesTableViewManager.swift */ = {isa = PBXFileReference; lastKnownFileType = sourcecode.swift; path = TestCategoriesTableViewManager.swift; sourceTree = "<group>"; };
		19D5C9C0276736D0000109F2 /* TestCategoriesViewModel.swift */ = {isa = PBXFileReference; lastKnownFileType = sourcecode.swift; path = TestCategoriesViewModel.swift; sourceTree = "<group>"; };
		19D5C9C3276738FA000109F2 /* EmptyTableView.swift */ = {isa = PBXFileReference; lastKnownFileType = sourcecode.swift; path = EmptyTableView.swift; sourceTree = "<group>"; };
		19D5C9C52767396F000109F2 /* TestCategoriesCell.swift */ = {isa = PBXFileReference; lastKnownFileType = sourcecode.swift; path = TestCategoriesCell.swift; sourceTree = "<group>"; };
		19D5C9C727673B21000109F2 /* UITableVIew+RegisterCell.swift */ = {isa = PBXFileReference; lastKnownFileType = sourcecode.swift; path = "UITableVIew+RegisterCell.swift"; sourceTree = "<group>"; };
		19D5C9C927673EBA000109F2 /* NSObject.swift */ = {isa = PBXFileReference; lastKnownFileType = sourcecode.swift; path = NSObject.swift; sourceTree = "<group>"; };
		19D5C9CB27673F69000109F2 /* CellConfigurator.swift */ = {isa = PBXFileReference; lastKnownFileType = sourcecode.swift; path = CellConfigurator.swift; sourceTree = "<group>"; };
		19D5C9CE27674098000109F2 /* TestCategoriesInteractor.swift */ = {isa = PBXFileReference; lastKnownFileType = sourcecode.swift; path = TestCategoriesInteractor.swift; sourceTree = "<group>"; };
		19D5C9D027674B43000109F2 /* TestCategoriesDataConverter.swift */ = {isa = PBXFileReference; lastKnownFileType = sourcecode.swift; path = TestCategoriesDataConverter.swift; sourceTree = "<group>"; };
		19D5C9D227674BF1000109F2 /* TableCellConfigurator.swift */ = {isa = PBXFileReference; lastKnownFileType = sourcecode.swift; path = TableCellConfigurator.swift; sourceTree = "<group>"; };
		19D5C9D427675343000109F2 /* Alertable.swift */ = {isa = PBXFileReference; lastKnownFileType = sourcecode.swift; path = Alertable.swift; sourceTree = "<group>"; };
		19D5C9D72767538C000109F2 /* AlertAction.swift */ = {isa = PBXFileReference; lastKnownFileType = sourcecode.swift; path = AlertAction.swift; sourceTree = "<group>"; };
		19D5C9DA27679F6B000109F2 /* TestCategoryModel.swift */ = {isa = PBXFileReference; lastKnownFileType = sourcecode.swift; path = TestCategoryModel.swift; sourceTree = "<group>"; };
		19D5C9DD2767AEAA000109F2 /* Parser.swift */ = {isa = PBXFileReference; lastKnownFileType = sourcecode.swift; path = Parser.swift; sourceTree = "<group>"; };
		19D5C9E02767B2D0000109F2 /* ErrorModel.swift */ = {isa = PBXFileReference; lastKnownFileType = sourcecode.swift; path = ErrorModel.swift; sourceTree = "<group>"; };
		3998792933EDD44090A72F63 /* Pods_Questionnaire.framework */ = {isa = PBXFileReference; explicitFileType = wrapper.framework; includeInIndex = 0; path = Pods_Questionnaire.framework; sourceTree = BUILT_PRODUCTS_DIR; };
		C6ABDDB1C71174B43894F241 /* Pods-Questionnaire.release.xcconfig */ = {isa = PBXFileReference; includeInIndex = 1; lastKnownFileType = text.xcconfig; name = "Pods-Questionnaire.release.xcconfig"; path = "Target Support Files/Pods-Questionnaire/Pods-Questionnaire.release.xcconfig"; sourceTree = "<group>"; };
		F8198A1AF1F71C4DB43D17C5 /* Pods-Questionnaire.debug.xcconfig */ = {isa = PBXFileReference; includeInIndex = 1; lastKnownFileType = text.xcconfig; name = "Pods-Questionnaire.debug.xcconfig"; path = "Target Support Files/Pods-Questionnaire/Pods-Questionnaire.debug.xcconfig"; sourceTree = "<group>"; };
/* End PBXFileReference section */

/* Begin PBXFrameworksBuildPhase section */
		1952AA6B2760FD3D00675931 /* Frameworks */ = {
			isa = PBXFrameworksBuildPhase;
			buildActionMask = 2147483647;
			files = (
				1982B51F276327B8003DAB1A /* FirebaseDatabase in Frameworks */,
				1982B52D276327B8003DAB1A /* FirebaseFunctionsCombine-Community in Frameworks */,
				1982B525276327B8003DAB1A /* FirebaseFirestore in Frameworks */,
				1982B53D276327B8003DAB1A /* FirebaseStorage in Frameworks */,
				1982B511276327B8003DAB1A /* FirebaseAnalyticsSwift-Beta in Frameworks */,
				1982B541276327B8003DAB1A /* FirebaseStorageSwift-Beta in Frameworks */,
				1982B50F276327B8003DAB1A /* FirebaseAnalytics in Frameworks */,
				7F0FA2D73F5CD2AADC74B53E /* Pods_Questionnaire.framework in Frameworks */,
				1982B535276327B8003DAB1A /* FirebaseMLModelDownloader in Frameworks */,
				1982B515276327B8003DAB1A /* FirebaseAppCheck in Frameworks */,
				1982B513276327B8003DAB1A /* FirebaseAnalyticsWithoutAdIdSupport in Frameworks */,
				1982B519276327B8003DAB1A /* FirebaseAuth in Frameworks */,
				1982B51D276327B8003DAB1A /* FirebaseCrashlytics in Frameworks */,
				1982B521276327B8003DAB1A /* FirebaseDatabaseSwift-Beta in Frameworks */,
				1982B52F276327B8003DAB1A /* FirebaseInAppMessaging-Beta in Frameworks */,
				1982B517276327B8003DAB1A /* FirebaseAppDistribution-Beta in Frameworks */,
				1982B52B276327B8003DAB1A /* FirebaseFunctions in Frameworks */,
				1982B53F276327B8003DAB1A /* FirebaseStorageCombine-Community in Frameworks */,
				1982B53B276327B8003DAB1A /* FirebaseRemoteConfig in Frameworks */,
				1982B51B276327B8003DAB1A /* FirebaseAuthCombine-Community in Frameworks */,
				1982B529276327B8003DAB1A /* FirebaseFirestoreSwift-Beta in Frameworks */,
				1982B539276327B8003DAB1A /* FirebasePerformance in Frameworks */,
				1982B531276327B8003DAB1A /* FirebaseInAppMessagingSwift-Beta in Frameworks */,
				1982B523276327B8003DAB1A /* FirebaseDynamicLinks in Frameworks */,
				1982B527276327B8003DAB1A /* FirebaseFirestoreCombine-Community in Frameworks */,
				1982B537276327B8003DAB1A /* FirebaseMessaging in Frameworks */,
				1982B533276327B8003DAB1A /* FirebaseInstallations in Frameworks */,
			);
			runOnlyForDeploymentPostprocessing = 0;
		};
/* End PBXFrameworksBuildPhase section */

/* Begin PBXGroup section */
		19304D612768923000EA403A /* TestList */ = {
			isa = PBXGroup;
			children = (
				19304D7D2768986A00EA403A /* Assembly */,
				19304D7A2768985A00EA403A /* Presenter */,
				19304D7E2768986F00EA403A /* Interactor */,
				19304D7C2768986500EA403A /* View */,
				19304D72276896D600EA403A /* Model */,
				19304D7B2768986100EA403A /* Router */,
			);
			path = TestList;
			sourceTree = "<group>";
		};
		19304D72276896D600EA403A /* Model */ = {
			isa = PBXGroup;
			children = (
				19304D672768925000EA403A /* TestListViewModel.swift */,
				19304D75276897A100EA403A /* Tests */,
			);
			path = Model;
			sourceTree = "<group>";
		};
		19304D75276897A100EA403A /* Tests */ = {
			isa = PBXGroup;
			children = (
				19304D73276896DD00EA403A /* TestsModel.swift */,
				19304D76276897AF00EA403A /* Test.swift */,
				19304D78276897B400EA403A /* Question.swift */,
			);
			path = Tests;
			sourceTree = "<group>";
		};
		19304D7A2768985A00EA403A /* Presenter */ = {
			isa = PBXGroup;
			children = (
				19304D622768925000EA403A /* TestListDataConverter.swift */,
				19304D632768925000EA403A /* TestListPresenter.swift */,
			);
			path = Presenter;
			sourceTree = "<group>";
		};
		19304D7B2768986100EA403A /* Router */ = {
			isa = PBXGroup;
			children = (
				19304D642768925000EA403A /* TestListRouter.swift */,
			);
			path = Router;
			sourceTree = "<group>";
		};
		19304D7C2768986500EA403A /* View */ = {
			isa = PBXGroup;
			children = (
				19304D7F276898EC00EA403A /* Cells */,
				19304D682768925000EA403A /* TestListTableViewManager.swift */,
				19304D652768925000EA403A /* TestListViewController.swift */,
			);
			path = View;
			sourceTree = "<group>";
		};
		19304D7D2768986A00EA403A /* Assembly */ = {
			isa = PBXGroup;
			children = (
				19304D662768925000EA403A /* TestListAssembly.swift */,
			);
			path = Assembly;
			sourceTree = "<group>";
		};
		19304D7E2768986F00EA403A /* Interactor */ = {
			isa = PBXGroup;
			children = (
				19304D70276894BC00EA403A /* TestListInteractor.swift */,
			);
			path = Interactor;
			sourceTree = "<group>";
		};
		19304D7F276898EC00EA403A /* Cells */ = {
			isa = PBXGroup;
			children = (
				19304D80276898F100EA403A /* TestCell.swift */,
			);
			path = Cells;
			sourceTree = "<group>";
		};
		19304D8227689E8D00EA403A /* Assembly */ = {
			isa = PBXGroup;
			children = (
				193D992F27623E60004ACA7F /* MainScreenAssembly.swift */,
			);
			path = Assembly;
			sourceTree = "<group>";
		};
		19304D8327689E9200EA403A /* Presenter */ = {
			isa = PBXGroup;
			children = (
				193D992C27623E60004ACA7F /* MainScreenPresenter.swift */,
			);
			path = Presenter;
			sourceTree = "<group>";
		};
		19304D8427689E9700EA403A /* View */ = {
			isa = PBXGroup;
			children = (
				193D992E27623E60004ACA7F /* MainScreenViewController.swift */,
			);
			path = View;
			sourceTree = "<group>";
		};
		19304D8527689E9A00EA403A /* Interactor */ = {
			isa = PBXGroup;
			children = (
				193D993027623E60004ACA7F /* MainScreenInteractor.swift */,
			);
			path = Interactor;
			sourceTree = "<group>";
		};
		19304D8827689EB200EA403A /* Presenter */ = {
			isa = PBXGroup;
			children = (
				1982B560276398E7003DAB1A /* ProfilePresenter.swift */,
			);
			path = Presenter;
			sourceTree = "<group>";
		};
		19304D8927689EB600EA403A /* Model */ = {
			isa = PBXGroup;
			children = (
				1982B5682763998A003DAB1A /* ProfileViewModel.swift */,
			);
			path = Model;
			sourceTree = "<group>";
		};
		19304D8A27689EC200EA403A /* Router */ = {
			isa = PBXGroup;
			children = (
				1982B561276398E7003DAB1A /* ProfileRouter.swift */,
			);
			path = Router;
			sourceTree = "<group>";
		};
		19304D8B27689EC800EA403A /* View */ = {
			isa = PBXGroup;
			children = (
				1982B562276398E7003DAB1A /* ProfileViewController.swift */,
			);
			path = View;
			sourceTree = "<group>";
		};
		19304D8C27689ECB00EA403A /* Assembly */ = {
			isa = PBXGroup;
			children = (
				1982B563276398E7003DAB1A /* ProfileAssembly.swift */,
			);
			path = Assembly;
			sourceTree = "<group>";
		};
		193D993927623E65004ACA7F /* MainScreen */ = {
			isa = PBXGroup;
			children = (
				19304D8227689E8D00EA403A /* Assembly */,
				19304D8327689E9200EA403A /* Presenter */,
				19304D8527689E9A00EA403A /* Interactor */,
				19304D8427689E9700EA403A /* View */,
			);
			path = MainScreen;
			sourceTree = "<group>";
		};
		193D994427624057004ACA7F /* Authorization */ = {
			isa = PBXGroup;
			children = (
				19D5C9E52767B62F000109F2 /* Assembly */,
				19D5C9E72767B639000109F2 /* Presenter */,
				19D5C9E82767B63D000109F2 /* Interactor */,
				19D5C9E42767B62B000109F2 /* View */,
				1982B56A27639ADF003DAB1A /* Model */,
				19D5C9E62767B635000109F2 /* Router */,
			);
			path = Authorization;
			sourceTree = "<group>";
		};
		19436D212768A59E00D2FA0A /* TestQuestion */ = {
			isa = PBXGroup;
			children = (
				19436D362768A68100D2FA0A /* Assembly */,
				19436D392768A69000D2FA0A /* Presenter */,
				19436D3B2768A69A00D2FA0A /* Interactor */,
				19436D372768A68700D2FA0A /* View */,
				19436D3A2768A69600D2FA0A /* Model */,
				19436D382768A68C00D2FA0A /* Router */,
			);
			path = TestQuestion;
			sourceTree = "<group>";
		};
		19436D362768A68100D2FA0A /* Assembly */ = {
			isa = PBXGroup;
			children = (
				19436D272768A5DB00D2FA0A /* TestQuestionAssembly.swift */,
			);
			path = Assembly;
			sourceTree = "<group>";
		};
		19436D372768A68700D2FA0A /* View */ = {
			isa = PBXGroup;
			children = (
				19436D3C2768A80300D2FA0A /* Cells */,
				19436D2B2768A5DB00D2FA0A /* TestQuestionTableViewManager.swift */,
				19436D262768A5DB00D2FA0A /* TestQuestionViewController.swift */,
			);
			path = View;
			sourceTree = "<group>";
		};
		19436D382768A68C00D2FA0A /* Router */ = {
			isa = PBXGroup;
			children = (
				19436D252768A5DB00D2FA0A /* TestQuestionRouter.swift */,
			);
			path = Router;
			sourceTree = "<group>";
		};
		19436D392768A69000D2FA0A /* Presenter */ = {
			isa = PBXGroup;
			children = (
				19436D222768A5DB00D2FA0A /* TestQuestionDataConverter.swift */,
				19436D242768A5DB00D2FA0A /* TestQuestionPresenter.swift */,
			);
			path = Presenter;
			sourceTree = "<group>";
		};
		19436D3A2768A69600D2FA0A /* Model */ = {
			isa = PBXGroup;
			children = (
				19436D2A2768A5DB00D2FA0A /* TestQuestionViewModel.swift */,
			);
			path = Model;
			sourceTree = "<group>";
		};
		19436D3B2768A69A00D2FA0A /* Interactor */ = {
			isa = PBXGroup;
			children = (
				19436D282768A5DB00D2FA0A /* TestQuestionInteractor.swift */,
			);
			path = Interactor;
			sourceTree = "<group>";
		};
		19436D3C2768A80300D2FA0A /* Cells */ = {
			isa = PBXGroup;
			children = (
				19436D3D2768A83F00D2FA0A /* TestQuestionTitleCell.swift */,
				19436D3F2768A85400D2FA0A /* TestAnswersCounterCell.swift */,
				19436D482768C5E600D2FA0A /* TestQuestionConfirmCell.swift */,
				19436D412768AB5400D2FA0A /* Views */,
			);
			path = Cells;
			sourceTree = "<group>";
		};
		19436D412768AB5400D2FA0A /* Views */ = {
			isa = PBXGroup;
			children = (
				19436D422768AB6D00D2FA0A /* AnswerButton.swift */,
			);
			path = Views;
			sourceTree = "<group>";
		};
		19436D4E2768DCED00D2FA0A /* TestResult */ = {
			isa = PBXGroup;
			children = (
				197002C92769DCF2000C7194 /* Assembly */,
				197002CC2769DD05000C7194 /* Presenter */,
				197002CB2769DCFF000C7194 /* Interactor */,
				197002C82769DCEE000C7194 /* View */,
				197002C72769DCE1000C7194 /* Model */,
				197002CA2769DCFC000C7194 /* Router */,
			);
			path = TestResult;
			sourceTree = "<group>";
		};
		1952AA652760FD3D00675931 = {
			isa = PBXGroup;
			children = (
				1952AA702760FD3D00675931 /* Questionnaire */,
				1952AA6F2760FD3D00675931 /* Products */,
				8A1A208643FF988542AF8E90 /* Pods */,
				E272C7DFFCEC037D4BB52061 /* Frameworks */,
			);
			sourceTree = "<group>";
		};
		1952AA6F2760FD3D00675931 /* Products */ = {
			isa = PBXGroup;
			children = (
				1952AA6E2760FD3D00675931 /* Questionnaire.app */,
			);
			name = Products;
			sourceTree = "<group>";
		};
		1952AA702760FD3D00675931 /* Questionnaire */ = {
			isa = PBXGroup;
			children = (
				19D5C9D9276755BC000109F2 /* Services */,
				1982B5492763426F003DAB1A /* Extensions */,
				1952AA872760FE5200675931 /* Core */,
				1952AA852760FE3700675931 /* Modules */,
				1952AA7A2760FD3E00675931 /* Assets.xcassets */,
				193D9947276249D0004ACA7F /* Colors.xcassets */,
				193D994C27624BF6004ACA7F /* R.generated.swift */,
				1952AA7C2760FD3E00675931 /* LaunchScreen.storyboard */,
				1982B50B27632647003DAB1A /* GoogleService-Info.plist */,
				1952AA7F2760FD3E00675931 /* Info.plist */,
			);
			path = Questionnaire;
			sourceTree = "<group>";
		};
		1952AA852760FE3700675931 /* Modules */ = {
			isa = PBXGroup;
			children = (
				19436D4E2768DCED00D2FA0A /* TestResult */,
				19436D212768A59E00D2FA0A /* TestQuestion */,
				19304D612768923000EA403A /* TestList */,
				1982B5542763583D003DAB1A /* TestCategories */,
				193D993927623E65004ACA7F /* MainScreen */,
				1982B55F27639887003DAB1A /* Profile */,
				193D994427624057004ACA7F /* Authorization */,
				19861D90276A349D00D3C041 /* Registration */,
			);
			path = Modules;
			sourceTree = "<group>";
		};
		1952AA872760FE5200675931 /* Core */ = {
			isa = PBXGroup;
			children = (
				1952AA712760FD3D00675931 /* AppDelegate.swift */,
				19D5C9DC2767AE9E000109F2 /* Parser */,
			);
			path = Core;
			sourceTree = "<group>";
		};
		1952AA8C2761003300675931 /* Protocols */ = {
			isa = PBXGroup;
			children = (
				19D5C9D627675382000109F2 /* Alertable */,
				1952AA8D2761003D00675931 /* ViewOutput.swift */,
				1952AA92276100C600675931 /* Assembly.swift */,
				1952AA94276100EE00675931 /* TransitionModel.swift */,
				193D993A27623F0E004ACA7F /* ModuleTransitionHandler.swift */,
				193D995027624E1E004ACA7F /* Configurable.swift */,
				19436D4A2768CD2000D2FA0A /* Delegatable.swift */,
				19861DAB276A627C00D3C041 /* Struct+Dictionary.swift */,
			);
			path = Protocols;
			sourceTree = "<group>";
		};
		197002C72769DCE1000C7194 /* Model */ = {
			isa = PBXGroup;
			children = (
				19436D5F2768F0B600D2FA0A /* RightAnswersModel.swift */,
				19436D542768DD1E00D2FA0A /* TestResultViewModel.swift */,
			);
			path = Model;
			sourceTree = "<group>";
		};
		197002C82769DCEE000C7194 /* View */ = {
			isa = PBXGroup;
			children = (
				19436D522768DD1E00D2FA0A /* TestResultViewController.swift */,
				19436D552768DD1E00D2FA0A /* TestResultTableViewManager.swift */,
			);
			path = View;
			sourceTree = "<group>";
		};
		197002C92769DCF2000C7194 /* Assembly */ = {
			isa = PBXGroup;
			children = (
				19436D532768DD1E00D2FA0A /* TestResultAssembly.swift */,
			);
			name = Assembly;
			sourceTree = "<group>";
		};
		197002CA2769DCFC000C7194 /* Router */ = {
			isa = PBXGroup;
			children = (
				19436D512768DD1E00D2FA0A /* TestResultRouter.swift */,
			);
			path = Router;
			sourceTree = "<group>";
		};
		197002CB2769DCFF000C7194 /* Interactor */ = {
			isa = PBXGroup;
			children = (
				19436D5D2768EE7400D2FA0A /* TestResultInteractor.swift */,
			);
			path = Interactor;
			sourceTree = "<group>";
		};
		197002CC2769DD05000C7194 /* Presenter */ = {
			isa = PBXGroup;
			children = (
				19436D4F2768DD1E00D2FA0A /* TestResultDataConverter.swift */,
				19436D502768DD1E00D2FA0A /* TestResultPresenter.swift */,
			);
			path = Presenter;
			sourceTree = "<group>";
		};
		1982B542276330AB003DAB1A /* Firebase */ = {
			isa = PBXGroup;
			children = (
				19BB25F52764C36B004F165B /* Authorization */,
				19BB25F42764C363004F165B /* Database */,
			);
			path = Firebase;
			sourceTree = "<group>";
		};
		1982B5492763426F003DAB1A /* Extensions */ = {
			isa = PBXGroup;
			children = (
				193D994E27624C0C004ACA7F /* Constants.swift */,
				19D5C9C2276738EF000109F2 /* Views */,
				19D5C9E32767B60D000109F2 /* CellConfigurator */,
				1952AA8C2761003300675931 /* Protocols */,
				19D5C9DF2767B2C9000109F2 /* Errors */,
				1982B545276335F1003DAB1A /* DispatchQueue.swift */,
				1982B55D27636841003DAB1A /* Collection+SafeSubscript.swift */,
				1982B54A27634287003DAB1A /* UIViewController+HUD.swift */,
				19D5C9C727673B21000109F2 /* UITableVIew+RegisterCell.swift */,
				19D5C9C927673EBA000109F2 /* NSObject.swift */,
				19436D4C2768DA7C00D2FA0A /* UIStackView.swift */,
			);
			path = Extensions;
			sourceTree = "<group>";
		};
		1982B5542763583D003DAB1A /* TestCategories */ = {
			isa = PBXGroup;
			children = (
				19D5C9BA27673664000109F2 /* Assembly */,
				19D5C9B82767365B000109F2 /* Presenter */,
				19D5C9CD27674083000109F2 /* Interactor */,
				19D5C9B927673660000109F2 /* View */,
				19D5C9BF276736B5000109F2 /* Model */,
				19D5C9B727673654000109F2 /* Router */,
			);
			path = TestCategories;
			sourceTree = "<group>";
		};
		1982B55F27639887003DAB1A /* Profile */ = {
			isa = PBXGroup;
			children = (
				19304D8C27689ECB00EA403A /* Assembly */,
				19304D8827689EB200EA403A /* Presenter */,
				19304D8B27689EC800EA403A /* View */,
				19304D8927689EB600EA403A /* Model */,
				19304D8A27689EC200EA403A /* Router */,
			);
			path = Profile;
			sourceTree = "<group>";
		};
		1982B56A27639ADF003DAB1A /* Model */ = {
			isa = PBXGroup;
			children = (
				193D99522762507D004ACA7F /* AuthorizationViewModel.swift */,
				1982B56B27639B10003DAB1A /* AuthorizedUserModel.swift */,
			);
			path = Model;
			sourceTree = "<group>";
		};
		19861D90276A349D00D3C041 /* Registration */ = {
			isa = PBXGroup;
			children = (
				19861DA1276A36EA00D3C041 /* Assembly */,
				19861DA4276A36F700D3C041 /* Presenter */,
				19861DA0276A36E600D3C041 /* Interactor */,
				19861DA2276A36EF00D3C041 /* View */,
				19861D9F276A36E200D3C041 /* Model */,
				19861DA3276A36F300D3C041 /* Router */,
			);
			path = Registration;
			sourceTree = "<group>";
		};
		19861D9F276A36E200D3C041 /* Model */ = {
			isa = PBXGroup;
			children = (
				19861D97276A353800D3C041 /* NewUserModel.swift */,
			);
			path = Model;
			sourceTree = "<group>";
		};
		19861DA0276A36E600D3C041 /* Interactor */ = {
			isa = PBXGroup;
			children = (
				19861D96276A353800D3C041 /* RegistrationInteractor.swift */,
			);
			path = Interactor;
			sourceTree = "<group>";
		};
		19861DA1276A36EA00D3C041 /* Assembly */ = {
			isa = PBXGroup;
			children = (
				19861D95276A353800D3C041 /* RegistrationAssembly.swift */,
			);
			path = Assembly;
			sourceTree = "<group>";
		};
		19861DA2276A36EF00D3C041 /* View */ = {
			isa = PBXGroup;
			children = (
				19861D94276A353800D3C041 /* RegistrationViewController.swift */,
			);
			path = View;
			sourceTree = "<group>";
		};
		19861DA3276A36F300D3C041 /* Router */ = {
			isa = PBXGroup;
			children = (
				19861D93276A353800D3C041 /* RegistrationRouter.swift */,
			);
			path = Router;
			sourceTree = "<group>";
		};
		19861DA4276A36F700D3C041 /* Presenter */ = {
			isa = PBXGroup;
			children = (
				19861D92276A353800D3C041 /* RegistrationPresenter.swift */,
			);
			path = Presenter;
			sourceTree = "<group>";
		};
		19BB25F42764C363004F165B /* Database */ = {
			isa = PBXGroup;
			children = (
				19BB25F02764A8B4004F165B /* FBDatabaseService.swift */,
				19BB25F22764C35E004F165B /* FBDatabaseReference.swift */,
				19BB25F82764CC18004F165B /* FBDatabasePath.swift */,
			);
			path = Database;
			sourceTree = "<group>";
		};
		19BB25F52764C36B004F165B /* Authorization */ = {
			isa = PBXGroup;
			children = (
				1982B543276330B8003DAB1A /* FBAuthService.swift */,
			);
			path = Authorization;
			sourceTree = "<group>";
		};
		19D5C9B727673654000109F2 /* Router */ = {
			isa = PBXGroup;
			children = (
				1982B55627635858003DAB1A /* TestCategoriesRouter.swift */,
			);
			path = Router;
			sourceTree = "<group>";
		};
		19D5C9B82767365B000109F2 /* Presenter */ = {
			isa = PBXGroup;
			children = (
				1982B55527635858003DAB1A /* TestCategoriesPresenter.swift */,
				19D5C9D027674B43000109F2 /* TestCategoriesDataConverter.swift */,
			);
			path = Presenter;
			sourceTree = "<group>";
		};
		19D5C9B927673660000109F2 /* View */ = {
			isa = PBXGroup;
			children = (
				19D5C9BC27673682000109F2 /* Cells */,
				1982B55727635858003DAB1A /* TestCategoriesViewController.swift */,
				19D5C9BD27673692000109F2 /* TestCategoriesTableViewManager.swift */,
			);
			path = View;
			sourceTree = "<group>";
		};
		19D5C9BA27673664000109F2 /* Assembly */ = {
			isa = PBXGroup;
			children = (
				1982B55827635858003DAB1A /* TestCategoriesAssembly.swift */,
			);
			path = Assembly;
			sourceTree = "<group>";
		};
		19D5C9BC27673682000109F2 /* Cells */ = {
			isa = PBXGroup;
			children = (
				19D5C9C52767396F000109F2 /* TestCategoriesCell.swift */,
			);
			path = Cells;
			sourceTree = "<group>";
		};
		19D5C9BF276736B5000109F2 /* Model */ = {
			isa = PBXGroup;
			children = (
				19D5C9C0276736D0000109F2 /* TestCategoriesViewModel.swift */,
				19D5C9DA27679F6B000109F2 /* TestCategoryModel.swift */,
			);
			path = Model;
			sourceTree = "<group>";
		};
		19D5C9C2276738EF000109F2 /* Views */ = {
			isa = PBXGroup;
			children = (
				19D5C9E22767B5F1000109F2 /* ProgressHUD */,
				19D5C9C3276738FA000109F2 /* EmptyTableView.swift */,
			);
			path = Views;
			sourceTree = "<group>";
		};
		19D5C9CD27674083000109F2 /* Interactor */ = {
			isa = PBXGroup;
			children = (
				19D5C9CE27674098000109F2 /* TestCategoriesInteractor.swift */,
			);
			path = Interactor;
			sourceTree = "<group>";
		};
		19D5C9D627675382000109F2 /* Alertable */ = {
			isa = PBXGroup;
			children = (
				19D5C9D427675343000109F2 /* Alertable.swift */,
				19D5C9D72767538C000109F2 /* AlertAction.swift */,
			);
			path = Alertable;
			sourceTree = "<group>";
		};
		19D5C9D9276755BC000109F2 /* Services */ = {
			isa = PBXGroup;
			children = (
				1982B542276330AB003DAB1A /* Firebase */,
			);
			path = Services;
			sourceTree = "<group>";
		};
		19D5C9DC2767AE9E000109F2 /* Parser */ = {
			isa = PBXGroup;
			children = (
				19D5C9DD2767AEAA000109F2 /* Parser.swift */,
			);
			path = Parser;
			sourceTree = "<group>";
		};
		19D5C9DF2767B2C9000109F2 /* Errors */ = {
			isa = PBXGroup;
			children = (
				19D5C9E02767B2D0000109F2 /* ErrorModel.swift */,
			);
			path = Errors;
			sourceTree = "<group>";
		};
		19D5C9E22767B5F1000109F2 /* ProgressHUD */ = {
			isa = PBXGroup;
			children = (
				1982B54C2763446B003DAB1A /* ProgressHUD.swift */,
				1982B54E27634582003DAB1A /* ProgressHUDSize.swift */,
				1982B5502763467C003DAB1A /* ProgressHUDContainer.swift */,
			);
			path = ProgressHUD;
			sourceTree = "<group>";
		};
		19D5C9E32767B60D000109F2 /* CellConfigurator */ = {
			isa = PBXGroup;
			children = (
				19D5C9CB27673F69000109F2 /* CellConfigurator.swift */,
				19D5C9D227674BF1000109F2 /* TableCellConfigurator.swift */,
			);
			path = CellConfigurator;
			sourceTree = "<group>";
		};
		19D5C9E42767B62B000109F2 /* View */ = {
			isa = PBXGroup;
			children = (
				193D993E27624052004ACA7F /* AuthorizationViewController.swift */,
			);
			path = View;
			sourceTree = "<group>";
		};
		19D5C9E52767B62F000109F2 /* Assembly */ = {
			isa = PBXGroup;
			children = (
				193D993F27624052004ACA7F /* AuthorizationAssembly.swift */,
			);
			path = Assembly;
			sourceTree = "<group>";
		};
		19D5C9E62767B635000109F2 /* Router */ = {
			isa = PBXGroup;
			children = (
				193D993D27624052004ACA7F /* AuthorizationRouter.swift */,
			);
			path = Router;
			sourceTree = "<group>";
		};
		19D5C9E72767B639000109F2 /* Presenter */ = {
			isa = PBXGroup;
			children = (
				193D993C27624052004ACA7F /* AuthorizationPresenter.swift */,
			);
			path = Presenter;
			sourceTree = "<group>";
		};
		19D5C9E82767B63D000109F2 /* Interactor */ = {
			isa = PBXGroup;
			children = (
				1982B54727633B1A003DAB1A /* AuthorizationInteractor.swift */,
			);
			path = Interactor;
			sourceTree = "<group>";
		};
		8A1A208643FF988542AF8E90 /* Pods */ = {
			isa = PBXGroup;
			children = (
				F8198A1AF1F71C4DB43D17C5 /* Pods-Questionnaire.debug.xcconfig */,
				C6ABDDB1C71174B43894F241 /* Pods-Questionnaire.release.xcconfig */,
			);
			path = Pods;
			sourceTree = "<group>";
		};
		E272C7DFFCEC037D4BB52061 /* Frameworks */ = {
			isa = PBXGroup;
			children = (
				3998792933EDD44090A72F63 /* Pods_Questionnaire.framework */,
			);
			name = Frameworks;
			sourceTree = "<group>";
		};
/* End PBXGroup section */

/* Begin PBXNativeTarget section */
		1952AA6D2760FD3D00675931 /* Questionnaire */ = {
			isa = PBXNativeTarget;
			buildConfigurationList = 1952AA822760FD3E00675931 /* Build configuration list for PBXNativeTarget "Questionnaire" */;
			buildPhases = (
				C189CB3B5396FE46615F0083 /* [CP] Check Pods Manifest.lock */,
				193D994927624A2A004ACA7F /* ShellScript */,
				1952AA6A2760FD3D00675931 /* Sources */,
				1952AA6B2760FD3D00675931 /* Frameworks */,
				1952AA6C2760FD3D00675931 /* Resources */,
				5BBDB6C9E51093077D9F246E /* [CP] Embed Pods Frameworks */,
			);
			buildRules = (
			);
			dependencies = (
			);
			name = Questionnaire;
			packageProductDependencies = (
				1982B50E276327B8003DAB1A /* FirebaseAnalytics */,
				1982B510276327B8003DAB1A /* FirebaseAnalyticsSwift-Beta */,
				1982B512276327B8003DAB1A /* FirebaseAnalyticsWithoutAdIdSupport */,
				1982B514276327B8003DAB1A /* FirebaseAppCheck */,
				1982B516276327B8003DAB1A /* FirebaseAppDistribution-Beta */,
				1982B518276327B8003DAB1A /* FirebaseAuth */,
				1982B51A276327B8003DAB1A /* FirebaseAuthCombine-Community */,
				1982B51C276327B8003DAB1A /* FirebaseCrashlytics */,
				1982B51E276327B8003DAB1A /* FirebaseDatabase */,
				1982B520276327B8003DAB1A /* FirebaseDatabaseSwift-Beta */,
				1982B522276327B8003DAB1A /* FirebaseDynamicLinks */,
				1982B524276327B8003DAB1A /* FirebaseFirestore */,
				1982B526276327B8003DAB1A /* FirebaseFirestoreCombine-Community */,
				1982B528276327B8003DAB1A /* FirebaseFirestoreSwift-Beta */,
				1982B52A276327B8003DAB1A /* FirebaseFunctions */,
				1982B52C276327B8003DAB1A /* FirebaseFunctionsCombine-Community */,
				1982B52E276327B8003DAB1A /* FirebaseInAppMessaging-Beta */,
				1982B530276327B8003DAB1A /* FirebaseInAppMessagingSwift-Beta */,
				1982B532276327B8003DAB1A /* FirebaseInstallations */,
				1982B534276327B8003DAB1A /* FirebaseMLModelDownloader */,
				1982B536276327B8003DAB1A /* FirebaseMessaging */,
				1982B538276327B8003DAB1A /* FirebasePerformance */,
				1982B53A276327B8003DAB1A /* FirebaseRemoteConfig */,
				1982B53C276327B8003DAB1A /* FirebaseStorage */,
				1982B53E276327B8003DAB1A /* FirebaseStorageCombine-Community */,
				1982B540276327B8003DAB1A /* FirebaseStorageSwift-Beta */,
			);
			productName = Questionnaire;
			productReference = 1952AA6E2760FD3D00675931 /* Questionnaire.app */;
			productType = "com.apple.product-type.application";
		};
/* End PBXNativeTarget section */

/* Begin PBXProject section */
		1952AA662760FD3D00675931 /* Project object */ = {
			isa = PBXProject;
			attributes = {
				BuildIndependentTargetsInParallel = 1;
				LastSwiftUpdateCheck = 1310;
				LastUpgradeCheck = 1310;
				TargetAttributes = {
					1952AA6D2760FD3D00675931 = {
						CreatedOnToolsVersion = 13.1;
					};
				};
			};
			buildConfigurationList = 1952AA692760FD3D00675931 /* Build configuration list for PBXProject "Questionnaire" */;
			compatibilityVersion = "Xcode 13.0";
			developmentRegion = en;
			hasScannedForEncodings = 0;
			knownRegions = (
				en,
				Base,
			);
			mainGroup = 1952AA652760FD3D00675931;
			packageReferences = (
				1982B50D276327B8003DAB1A /* XCRemoteSwiftPackageReference "firebase-ios-sdk" */,
			);
			productRefGroup = 1952AA6F2760FD3D00675931 /* Products */;
			projectDirPath = "";
			projectRoot = "";
			targets = (
				1952AA6D2760FD3D00675931 /* Questionnaire */,
			);
		};
/* End PBXProject section */

/* Begin PBXResourcesBuildPhase section */
		1952AA6C2760FD3D00675931 /* Resources */ = {
			isa = PBXResourcesBuildPhase;
			buildActionMask = 2147483647;
			files = (
				193D9948276249D0004ACA7F /* Colors.xcassets in Resources */,
				1982B50C27632647003DAB1A /* GoogleService-Info.plist in Resources */,
				1952AA7E2760FD3E00675931 /* LaunchScreen.storyboard in Resources */,
				1952AA7B2760FD3E00675931 /* Assets.xcassets in Resources */,
			);
			runOnlyForDeploymentPostprocessing = 0;
		};
/* End PBXResourcesBuildPhase section */

/* Begin PBXShellScriptBuildPhase section */
		193D994927624A2A004ACA7F /* ShellScript */ = {
			isa = PBXShellScriptBuildPhase;
			alwaysOutOfDate = 1;
			buildActionMask = 2147483647;
			files = (
			);
			inputFileListPaths = (
			);
			inputPaths = (
			);
			outputFileListPaths = (
			);
			outputPaths = (
				$SRCROOT/R.generated.swift,
			);
			runOnlyForDeploymentPostprocessing = 0;
			shellPath = /bin/sh;
			shellScript = "# Type a script or drag a script file from your workspace to insert its path.\n\"$PODS_ROOT/R.swift/rswift\" generate \"$SRCROOT/R.generated.swift\"\n";
		};
		5BBDB6C9E51093077D9F246E /* [CP] Embed Pods Frameworks */ = {
			isa = PBXShellScriptBuildPhase;
			buildActionMask = 2147483647;
			files = (
			);
			inputFileListPaths = (
				"${PODS_ROOT}/Target Support Files/Pods-Questionnaire/Pods-Questionnaire-frameworks-${CONFIGURATION}-input-files.xcfilelist",
			);
			name = "[CP] Embed Pods Frameworks";
			outputFileListPaths = (
				"${PODS_ROOT}/Target Support Files/Pods-Questionnaire/Pods-Questionnaire-frameworks-${CONFIGURATION}-output-files.xcfilelist",
			);
			runOnlyForDeploymentPostprocessing = 0;
			shellPath = /bin/sh;
			shellScript = "\"${PODS_ROOT}/Target Support Files/Pods-Questionnaire/Pods-Questionnaire-frameworks.sh\"\n";
			showEnvVarsInLog = 0;
		};
		C189CB3B5396FE46615F0083 /* [CP] Check Pods Manifest.lock */ = {
			isa = PBXShellScriptBuildPhase;
			buildActionMask = 2147483647;
			files = (
			);
			inputFileListPaths = (
			);
			inputPaths = (
				"${PODS_PODFILE_DIR_PATH}/Podfile.lock",
				"${PODS_ROOT}/Manifest.lock",
			);
			name = "[CP] Check Pods Manifest.lock";
			outputFileListPaths = (
			);
			outputPaths = (
				"$(DERIVED_FILE_DIR)/Pods-Questionnaire-checkManifestLockResult.txt",
			);
			runOnlyForDeploymentPostprocessing = 0;
			shellPath = /bin/sh;
			shellScript = "diff \"${PODS_PODFILE_DIR_PATH}/Podfile.lock\" \"${PODS_ROOT}/Manifest.lock\" > /dev/null\nif [ $? != 0 ] ; then\n    # print error to STDERR\n    echo \"error: The sandbox is not in sync with the Podfile.lock. Run 'pod install' or update your CocoaPods installation.\" >&2\n    exit 1\nfi\n# This output is used by Xcode 'outputs' to avoid re-running this script phase.\necho \"SUCCESS\" > \"${SCRIPT_OUTPUT_FILE_0}\"\n";
			showEnvVarsInLog = 0;
		};
/* End PBXShellScriptBuildPhase section */

/* Begin PBXSourcesBuildPhase section */
		1952AA6A2760FD3D00675931 /* Sources */ = {
			isa = PBXSourcesBuildPhase;
			buildActionMask = 2147483647;
			files = (
				1982B55A27635858003DAB1A /* TestCategoriesRouter.swift in Sources */,
				19861D9D276A353800D3C041 /* RegistrationInteractor.swift in Sources */,
				19436D5B2768DD1E00D2FA0A /* TestResultViewModel.swift in Sources */,
				1982B55C27635858003DAB1A /* TestCategoriesAssembly.swift in Sources */,
				1982B54827633B1A003DAB1A /* AuthorizationInteractor.swift in Sources */,
				19436D592768DD1E00D2FA0A /* TestResultViewController.swift in Sources */,
				193D994127624052004ACA7F /* AuthorizationRouter.swift in Sources */,
				1982B55927635858003DAB1A /* TestCategoriesPresenter.swift in Sources */,
				19861D99276A353800D3C041 /* RegistrationPresenter.swift in Sources */,
				1982B546276335F1003DAB1A /* DispatchQueue.swift in Sources */,
				19304D6B2768925000EA403A /* TestListRouter.swift in Sources */,
				19436D572768DD1E00D2FA0A /* TestResultPresenter.swift in Sources */,
				19D5C9D82767538C000109F2 /* AlertAction.swift in Sources */,
				19304D79276897B400EA403A /* Question.swift in Sources */,
				19436D4B2768CD2000D2FA0A /* Delegatable.swift in Sources */,
				1982B55E27636842003DAB1A /* Collection+SafeSubscript.swift in Sources */,
				19436D582768DD1E00D2FA0A /* TestResultRouter.swift in Sources */,
				19D5C9D127674B43000109F2 /* TestCategoriesDataConverter.swift in Sources */,
				19D5C9C62767396F000109F2 /* TestCategoriesCell.swift in Sources */,
				19304D81276898F100EA403A /* TestCell.swift in Sources */,
				1982B5512763467C003DAB1A /* ProgressHUDContainer.swift in Sources */,
				19436D322768A5DB00D2FA0A /* TestQuestionInteractor.swift in Sources */,
				1952AA93276100C600675931 /* Assembly.swift in Sources */,
				19861D9A276A353800D3C041 /* RegistrationRouter.swift in Sources */,
				19436D2C2768A5DB00D2FA0A /* TestQuestionDataConverter.swift in Sources */,
				19436D5E2768EE7400D2FA0A /* TestResultInteractor.swift in Sources */,
				19304D6C2768925000EA403A /* TestListViewController.swift in Sources */,
				193D994227624052004ACA7F /* AuthorizationViewController.swift in Sources */,
				1982B564276398E7003DAB1A /* ProfilePresenter.swift in Sources */,
				19436D3E2768A83F00D2FA0A /* TestQuestionTitleCell.swift in Sources */,
				19436D492768C5E600D2FA0A /* TestQuestionConfirmCell.swift in Sources */,
				19D5C9E12767B2D0000109F2 /* ErrorModel.swift in Sources */,
				1982B54B27634287003DAB1A /* UIViewController+HUD.swift in Sources */,
				19436D2F2768A5DB00D2FA0A /* TestQuestionRouter.swift in Sources */,
				19436D4D2768DA7C00D2FA0A /* UIStackView.swift in Sources */,
				19304D6E2768925000EA403A /* TestListViewModel.swift in Sources */,
				193D99532762507D004ACA7F /* AuthorizationViewModel.swift in Sources */,
				19861D9C276A353800D3C041 /* RegistrationAssembly.swift in Sources */,
				19436D352768A5DB00D2FA0A /* TestQuestionTableViewManager.swift in Sources */,
				19861D9B276A353800D3C041 /* RegistrationViewController.swift in Sources */,
				19304D6F2768925000EA403A /* TestListTableViewManager.swift in Sources */,
				1952AA95276100EE00675931 /* TransitionModel.swift in Sources */,
				19BB25F32764C35E004F165B /* FBDatabaseReference.swift in Sources */,
				19D5C9D527675343000109F2 /* Alertable.swift in Sources */,
				19D5C9CA27673EBA000109F2 /* NSObject.swift in Sources */,
				193D993B27623F0E004ACA7F /* ModuleTransitionHandler.swift in Sources */,
				19D5C9C4276738FA000109F2 /* EmptyTableView.swift in Sources */,
				19436D2E2768A5DB00D2FA0A /* TestQuestionPresenter.swift in Sources */,
				19D5C9BE27673692000109F2 /* TestCategoriesTableViewManager.swift in Sources */,
				1952AA722760FD3D00675931 /* AppDelegate.swift in Sources */,
				1982B567276398E7003DAB1A /* ProfileAssembly.swift in Sources */,
				19BB25F12764A8B4004F165B /* FBDatabaseService.swift in Sources */,
				19304D77276897AF00EA403A /* Test.swift in Sources */,
				193D994327624052004ACA7F /* AuthorizationAssembly.swift in Sources */,
				19304D6A2768925000EA403A /* TestListPresenter.swift in Sources */,
				193D994D27624BF6004ACA7F /* R.generated.swift in Sources */,
				19436D302768A5DB00D2FA0A /* TestQuestionViewController.swift in Sources */,
				19436D402768A85400D2FA0A /* TestAnswersCounterCell.swift in Sources */,
				1952AA8E2761003D00675931 /* ViewOutput.swift in Sources */,
				193D993727623E60004ACA7F /* MainScreenInteractor.swift in Sources */,
				19861D9E276A353800D3C041 /* NewUserModel.swift in Sources */,
				19436D602768F0B600D2FA0A /* RightAnswersModel.swift in Sources */,
				19436D342768A5DB00D2FA0A /* TestQuestionViewModel.swift in Sources */,
				19D5C9C1276736D0000109F2 /* TestCategoriesViewModel.swift in Sources */,
				19436D5A2768DD1E00D2FA0A /* TestResultAssembly.swift in Sources */,
				1982B55B27635858003DAB1A /* TestCategoriesViewController.swift in Sources */,
				19436D432768AB6D00D2FA0A /* AnswerButton.swift in Sources */,
				193D993527623E60004ACA7F /* MainScreenViewController.swift in Sources */,
				19D5C9CF27674098000109F2 /* TestCategoriesInteractor.swift in Sources */,
				1982B565276398E7003DAB1A /* ProfileRouter.swift in Sources */,
				1982B56C27639B10003DAB1A /* AuthorizedUserModel.swift in Sources */,
				19861DAC276A627C00D3C041 /* Struct+Dictionary.swift in Sources */,
				19304D6D2768925000EA403A /* TestListAssembly.swift in Sources */,
				19436D562768DD1E00D2FA0A /* TestResultDataConverter.swift in Sources */,
				1982B5692763998A003DAB1A /* ProfileViewModel.swift in Sources */,
				19436D312768A5DB00D2FA0A /* TestQuestionAssembly.swift in Sources */,
				19D5C9D327674BF1000109F2 /* TableCellConfigurator.swift in Sources */,
				19436D5C2768DD1E00D2FA0A /* TestResultTableViewManager.swift in Sources */,
				193D994027624052004ACA7F /* AuthorizationPresenter.swift in Sources */,
				19304D74276896DD00EA403A /* TestsModel.swift in Sources */,
				19D5C9CC27673F69000109F2 /* CellConfigurator.swift in Sources */,
				19D5C9DB27679F6B000109F2 /* TestCategoryModel.swift in Sources */,
				1982B54F27634582003DAB1A /* ProgressHUDSize.swift in Sources */,
				1982B544276330B8003DAB1A /* FBAuthService.swift in Sources */,
				193D993327623E60004ACA7F /* MainScreenPresenter.swift in Sources */,
				1982B54D2763446B003DAB1A /* ProgressHUD.swift in Sources */,
				19304D692768925000EA403A /* TestListDataConverter.swift in Sources */,
				19BB25F92764CC18004F165B /* FBDatabasePath.swift in Sources */,
				193D993627623E60004ACA7F /* MainScreenAssembly.swift in Sources */,
				19D5C9C827673B21000109F2 /* UITableVIew+RegisterCell.swift in Sources */,
				1982B566276398E7003DAB1A /* ProfileViewController.swift in Sources */,
				193D995127624E1E004ACA7F /* Configurable.swift in Sources */,
				193D994F27624C0C004ACA7F /* Constants.swift in Sources */,
				19D5C9DE2767AEAA000109F2 /* Parser.swift in Sources */,
				19304D71276894BC00EA403A /* TestListInteractor.swift in Sources */,
			);
			runOnlyForDeploymentPostprocessing = 0;
		};
/* End PBXSourcesBuildPhase section */

/* Begin PBXVariantGroup section */
		1952AA7C2760FD3E00675931 /* LaunchScreen.storyboard */ = {
			isa = PBXVariantGroup;
			children = (
				1952AA7D2760FD3E00675931 /* Base */,
			);
			name = LaunchScreen.storyboard;
			sourceTree = "<group>";
		};
/* End PBXVariantGroup section */

/* Begin XCBuildConfiguration section */
		1952AA802760FD3E00675931 /* Debug */ = {
			isa = XCBuildConfiguration;
			buildSettings = {
				ALWAYS_SEARCH_USER_PATHS = NO;
				CLANG_ANALYZER_NONNULL = YES;
				CLANG_ANALYZER_NUMBER_OBJECT_CONVERSION = YES_AGGRESSIVE;
				CLANG_CXX_LANGUAGE_STANDARD = "gnu++17";
				CLANG_CXX_LIBRARY = "libc++";
				CLANG_ENABLE_MODULES = YES;
				CLANG_ENABLE_OBJC_ARC = YES;
				CLANG_ENABLE_OBJC_WEAK = YES;
				CLANG_WARN_BLOCK_CAPTURE_AUTORELEASING = YES;
				CLANG_WARN_BOOL_CONVERSION = YES;
				CLANG_WARN_COMMA = YES;
				CLANG_WARN_CONSTANT_CONVERSION = YES;
				CLANG_WARN_DEPRECATED_OBJC_IMPLEMENTATIONS = YES;
				CLANG_WARN_DIRECT_OBJC_ISA_USAGE = YES_ERROR;
				CLANG_WARN_DOCUMENTATION_COMMENTS = YES;
				CLANG_WARN_EMPTY_BODY = YES;
				CLANG_WARN_ENUM_CONVERSION = YES;
				CLANG_WARN_INFINITE_RECURSION = YES;
				CLANG_WARN_INT_CONVERSION = YES;
				CLANG_WARN_NON_LITERAL_NULL_CONVERSION = YES;
				CLANG_WARN_OBJC_IMPLICIT_RETAIN_SELF = YES;
				CLANG_WARN_OBJC_LITERAL_CONVERSION = YES;
				CLANG_WARN_OBJC_ROOT_CLASS = YES_ERROR;
				CLANG_WARN_QUOTED_INCLUDE_IN_FRAMEWORK_HEADER = YES;
				CLANG_WARN_RANGE_LOOP_ANALYSIS = YES;
				CLANG_WARN_STRICT_PROTOTYPES = YES;
				CLANG_WARN_SUSPICIOUS_MOVE = YES;
				CLANG_WARN_UNGUARDED_AVAILABILITY = YES_AGGRESSIVE;
				CLANG_WARN_UNREACHABLE_CODE = YES;
				CLANG_WARN__DUPLICATE_METHOD_MATCH = YES;
				COPY_PHASE_STRIP = NO;
				DEBUG_INFORMATION_FORMAT = dwarf;
				ENABLE_STRICT_OBJC_MSGSEND = YES;
				ENABLE_TESTABILITY = YES;
				GCC_C_LANGUAGE_STANDARD = gnu11;
				GCC_DYNAMIC_NO_PIC = NO;
				GCC_NO_COMMON_BLOCKS = YES;
				GCC_OPTIMIZATION_LEVEL = 0;
				GCC_PREPROCESSOR_DEFINITIONS = (
					"DEBUG=1",
					"$(inherited)",
				);
				GCC_WARN_64_TO_32_BIT_CONVERSION = YES;
				GCC_WARN_ABOUT_RETURN_TYPE = YES_ERROR;
				GCC_WARN_UNDECLARED_SELECTOR = YES;
				GCC_WARN_UNINITIALIZED_AUTOS = YES_AGGRESSIVE;
				GCC_WARN_UNUSED_FUNCTION = YES;
				GCC_WARN_UNUSED_VARIABLE = YES;
				IPHONEOS_DEPLOYMENT_TARGET = 15.0;
				MTL_ENABLE_DEBUG_INFO = INCLUDE_SOURCE;
				MTL_FAST_MATH = YES;
				ONLY_ACTIVE_ARCH = YES;
				SDKROOT = iphoneos;
				SWIFT_ACTIVE_COMPILATION_CONDITIONS = DEBUG;
				SWIFT_OPTIMIZATION_LEVEL = "-Onone";
			};
			name = Debug;
		};
		1952AA812760FD3E00675931 /* Release */ = {
			isa = XCBuildConfiguration;
			buildSettings = {
				ALWAYS_SEARCH_USER_PATHS = NO;
				CLANG_ANALYZER_NONNULL = YES;
				CLANG_ANALYZER_NUMBER_OBJECT_CONVERSION = YES_AGGRESSIVE;
				CLANG_CXX_LANGUAGE_STANDARD = "gnu++17";
				CLANG_CXX_LIBRARY = "libc++";
				CLANG_ENABLE_MODULES = YES;
				CLANG_ENABLE_OBJC_ARC = YES;
				CLANG_ENABLE_OBJC_WEAK = YES;
				CLANG_WARN_BLOCK_CAPTURE_AUTORELEASING = YES;
				CLANG_WARN_BOOL_CONVERSION = YES;
				CLANG_WARN_COMMA = YES;
				CLANG_WARN_CONSTANT_CONVERSION = YES;
				CLANG_WARN_DEPRECATED_OBJC_IMPLEMENTATIONS = YES;
				CLANG_WARN_DIRECT_OBJC_ISA_USAGE = YES_ERROR;
				CLANG_WARN_DOCUMENTATION_COMMENTS = YES;
				CLANG_WARN_EMPTY_BODY = YES;
				CLANG_WARN_ENUM_CONVERSION = YES;
				CLANG_WARN_INFINITE_RECURSION = YES;
				CLANG_WARN_INT_CONVERSION = YES;
				CLANG_WARN_NON_LITERAL_NULL_CONVERSION = YES;
				CLANG_WARN_OBJC_IMPLICIT_RETAIN_SELF = YES;
				CLANG_WARN_OBJC_LITERAL_CONVERSION = YES;
				CLANG_WARN_OBJC_ROOT_CLASS = YES_ERROR;
				CLANG_WARN_QUOTED_INCLUDE_IN_FRAMEWORK_HEADER = YES;
				CLANG_WARN_RANGE_LOOP_ANALYSIS = YES;
				CLANG_WARN_STRICT_PROTOTYPES = YES;
				CLANG_WARN_SUSPICIOUS_MOVE = YES;
				CLANG_WARN_UNGUARDED_AVAILABILITY = YES_AGGRESSIVE;
				CLANG_WARN_UNREACHABLE_CODE = YES;
				CLANG_WARN__DUPLICATE_METHOD_MATCH = YES;
				COPY_PHASE_STRIP = NO;
				DEBUG_INFORMATION_FORMAT = "dwarf-with-dsym";
				ENABLE_NS_ASSERTIONS = NO;
				ENABLE_STRICT_OBJC_MSGSEND = YES;
				GCC_C_LANGUAGE_STANDARD = gnu11;
				GCC_NO_COMMON_BLOCKS = YES;
				GCC_WARN_64_TO_32_BIT_CONVERSION = YES;
				GCC_WARN_ABOUT_RETURN_TYPE = YES_ERROR;
				GCC_WARN_UNDECLARED_SELECTOR = YES;
				GCC_WARN_UNINITIALIZED_AUTOS = YES_AGGRESSIVE;
				GCC_WARN_UNUSED_FUNCTION = YES;
				GCC_WARN_UNUSED_VARIABLE = YES;
				IPHONEOS_DEPLOYMENT_TARGET = 15.0;
				MTL_ENABLE_DEBUG_INFO = NO;
				MTL_FAST_MATH = YES;
				SDKROOT = iphoneos;
				SWIFT_COMPILATION_MODE = wholemodule;
				SWIFT_OPTIMIZATION_LEVEL = "-O";
				VALIDATE_PRODUCT = YES;
			};
			name = Release;
		};
		1952AA832760FD3E00675931 /* Debug */ = {
			isa = XCBuildConfiguration;
			baseConfigurationReference = F8198A1AF1F71C4DB43D17C5 /* Pods-Questionnaire.debug.xcconfig */;
			buildSettings = {
				ASSETCATALOG_COMPILER_APPICON_NAME = AppIcon;
				ASSETCATALOG_COMPILER_GLOBAL_ACCENT_COLOR_NAME = AccentColor;
				CODE_SIGN_STYLE = Automatic;
				CURRENT_PROJECT_VERSION = 1;
				GENERATE_INFOPLIST_FILE = YES;
				INFOPLIST_FILE = Questionnaire/Info.plist;
				INFOPLIST_KEY_UIApplicationSupportsIndirectInputEvents = YES;
				INFOPLIST_KEY_UILaunchStoryboardName = LaunchScreen;
				INFOPLIST_KEY_UISupportedInterfaceOrientations = "UIInterfaceOrientationPortrait UIInterfaceOrientationPortraitUpsideDown";
				INFOPLIST_KEY_UISupportedInterfaceOrientations_iPad = "UIInterfaceOrientationPortrait UIInterfaceOrientationPortraitUpsideDown UIInterfaceOrientationLandscapeLeft UIInterfaceOrientationLandscapeRight";
				INFOPLIST_KEY_UISupportedInterfaceOrientations_iPhone = "UIInterfaceOrientationPortrait UIInterfaceOrientationLandscapeLeft UIInterfaceOrientationLandscapeRight";
				IPHONEOS_DEPLOYMENT_TARGET = 13.0;
				LD_RUNPATH_SEARCH_PATHS = (
					"$(inherited)",
					"@executable_path/Frameworks",
				);
				MARKETING_VERSION = 1.0;
				PRODUCT_BUNDLE_IDENTIFIER = ru.questionnaire;
				PRODUCT_NAME = "$(TARGET_NAME)";
				SWIFT_EMIT_LOC_STRINGS = YES;
				SWIFT_VERSION = 5.0;
				TARGETED_DEVICE_FAMILY = "1,2";
			};
			name = Debug;
		};
		1952AA842760FD3E00675931 /* Release */ = {
			isa = XCBuildConfiguration;
			baseConfigurationReference = C6ABDDB1C71174B43894F241 /* Pods-Questionnaire.release.xcconfig */;
			buildSettings = {
				ASSETCATALOG_COMPILER_APPICON_NAME = AppIcon;
				ASSETCATALOG_COMPILER_GLOBAL_ACCENT_COLOR_NAME = AccentColor;
				CODE_SIGN_STYLE = Automatic;
				CURRENT_PROJECT_VERSION = 1;
				GENERATE_INFOPLIST_FILE = YES;
				INFOPLIST_FILE = Questionnaire/Info.plist;
				INFOPLIST_KEY_UIApplicationSupportsIndirectInputEvents = YES;
				INFOPLIST_KEY_UILaunchStoryboardName = LaunchScreen;
				INFOPLIST_KEY_UISupportedInterfaceOrientations = "UIInterfaceOrientationPortrait UIInterfaceOrientationPortraitUpsideDown";
				INFOPLIST_KEY_UISupportedInterfaceOrientations_iPad = "UIInterfaceOrientationPortrait UIInterfaceOrientationPortraitUpsideDown UIInterfaceOrientationLandscapeLeft UIInterfaceOrientationLandscapeRight";
				INFOPLIST_KEY_UISupportedInterfaceOrientations_iPhone = "UIInterfaceOrientationPortrait UIInterfaceOrientationLandscapeLeft UIInterfaceOrientationLandscapeRight";
				IPHONEOS_DEPLOYMENT_TARGET = 13.0;
				LD_RUNPATH_SEARCH_PATHS = (
					"$(inherited)",
					"@executable_path/Frameworks",
				);
				MARKETING_VERSION = 1.0;
				PRODUCT_BUNDLE_IDENTIFIER = ru.questionnaire;
				PRODUCT_NAME = "$(TARGET_NAME)";
				SWIFT_EMIT_LOC_STRINGS = YES;
				SWIFT_VERSION = 5.0;
				TARGETED_DEVICE_FAMILY = "1,2";
			};
			name = Release;
		};
/* End XCBuildConfiguration section */

/* Begin XCConfigurationList section */
		1952AA692760FD3D00675931 /* Build configuration list for PBXProject "Questionnaire" */ = {
			isa = XCConfigurationList;
			buildConfigurations = (
				1952AA802760FD3E00675931 /* Debug */,
				1952AA812760FD3E00675931 /* Release */,
			);
			defaultConfigurationIsVisible = 0;
			defaultConfigurationName = Release;
		};
		1952AA822760FD3E00675931 /* Build configuration list for PBXNativeTarget "Questionnaire" */ = {
			isa = XCConfigurationList;
			buildConfigurations = (
				1952AA832760FD3E00675931 /* Debug */,
				1952AA842760FD3E00675931 /* Release */,
			);
			defaultConfigurationIsVisible = 0;
			defaultConfigurationName = Release;
		};
/* End XCConfigurationList section */

/* Begin XCRemoteSwiftPackageReference section */
		1982B50D276327B8003DAB1A /* XCRemoteSwiftPackageReference "firebase-ios-sdk" */ = {
			isa = XCRemoteSwiftPackageReference;
			repositoryURL = "https://github.com/firebase/firebase-ios-sdk";
			requirement = {
				kind = upToNextMajorVersion;
				minimumVersion = 8.0.0;
			};
		};
/* End XCRemoteSwiftPackageReference section */

/* Begin XCSwiftPackageProductDependency section */
		1982B50E276327B8003DAB1A /* FirebaseAnalytics */ = {
			isa = XCSwiftPackageProductDependency;
			package = 1982B50D276327B8003DAB1A /* XCRemoteSwiftPackageReference "firebase-ios-sdk" */;
			productName = FirebaseAnalytics;
		};
		1982B510276327B8003DAB1A /* FirebaseAnalyticsSwift-Beta */ = {
			isa = XCSwiftPackageProductDependency;
			package = 1982B50D276327B8003DAB1A /* XCRemoteSwiftPackageReference "firebase-ios-sdk" */;
			productName = "FirebaseAnalyticsSwift-Beta";
		};
		1982B512276327B8003DAB1A /* FirebaseAnalyticsWithoutAdIdSupport */ = {
			isa = XCSwiftPackageProductDependency;
			package = 1982B50D276327B8003DAB1A /* XCRemoteSwiftPackageReference "firebase-ios-sdk" */;
			productName = FirebaseAnalyticsWithoutAdIdSupport;
		};
		1982B514276327B8003DAB1A /* FirebaseAppCheck */ = {
			isa = XCSwiftPackageProductDependency;
			package = 1982B50D276327B8003DAB1A /* XCRemoteSwiftPackageReference "firebase-ios-sdk" */;
			productName = FirebaseAppCheck;
		};
		1982B516276327B8003DAB1A /* FirebaseAppDistribution-Beta */ = {
			isa = XCSwiftPackageProductDependency;
			package = 1982B50D276327B8003DAB1A /* XCRemoteSwiftPackageReference "firebase-ios-sdk" */;
			productName = "FirebaseAppDistribution-Beta";
		};
		1982B518276327B8003DAB1A /* FirebaseAuth */ = {
			isa = XCSwiftPackageProductDependency;
			package = 1982B50D276327B8003DAB1A /* XCRemoteSwiftPackageReference "firebase-ios-sdk" */;
			productName = FirebaseAuth;
		};
		1982B51A276327B8003DAB1A /* FirebaseAuthCombine-Community */ = {
			isa = XCSwiftPackageProductDependency;
			package = 1982B50D276327B8003DAB1A /* XCRemoteSwiftPackageReference "firebase-ios-sdk" */;
			productName = "FirebaseAuthCombine-Community";
		};
		1982B51C276327B8003DAB1A /* FirebaseCrashlytics */ = {
			isa = XCSwiftPackageProductDependency;
			package = 1982B50D276327B8003DAB1A /* XCRemoteSwiftPackageReference "firebase-ios-sdk" */;
			productName = FirebaseCrashlytics;
		};
		1982B51E276327B8003DAB1A /* FirebaseDatabase */ = {
			isa = XCSwiftPackageProductDependency;
			package = 1982B50D276327B8003DAB1A /* XCRemoteSwiftPackageReference "firebase-ios-sdk" */;
			productName = FirebaseDatabase;
		};
		1982B520276327B8003DAB1A /* FirebaseDatabaseSwift-Beta */ = {
			isa = XCSwiftPackageProductDependency;
			package = 1982B50D276327B8003DAB1A /* XCRemoteSwiftPackageReference "firebase-ios-sdk" */;
			productName = "FirebaseDatabaseSwift-Beta";
		};
		1982B522276327B8003DAB1A /* FirebaseDynamicLinks */ = {
			isa = XCSwiftPackageProductDependency;
			package = 1982B50D276327B8003DAB1A /* XCRemoteSwiftPackageReference "firebase-ios-sdk" */;
			productName = FirebaseDynamicLinks;
		};
		1982B524276327B8003DAB1A /* FirebaseFirestore */ = {
			isa = XCSwiftPackageProductDependency;
			package = 1982B50D276327B8003DAB1A /* XCRemoteSwiftPackageReference "firebase-ios-sdk" */;
			productName = FirebaseFirestore;
		};
		1982B526276327B8003DAB1A /* FirebaseFirestoreCombine-Community */ = {
			isa = XCSwiftPackageProductDependency;
			package = 1982B50D276327B8003DAB1A /* XCRemoteSwiftPackageReference "firebase-ios-sdk" */;
			productName = "FirebaseFirestoreCombine-Community";
		};
		1982B528276327B8003DAB1A /* FirebaseFirestoreSwift-Beta */ = {
			isa = XCSwiftPackageProductDependency;
			package = 1982B50D276327B8003DAB1A /* XCRemoteSwiftPackageReference "firebase-ios-sdk" */;
			productName = "FirebaseFirestoreSwift-Beta";
		};
		1982B52A276327B8003DAB1A /* FirebaseFunctions */ = {
			isa = XCSwiftPackageProductDependency;
			package = 1982B50D276327B8003DAB1A /* XCRemoteSwiftPackageReference "firebase-ios-sdk" */;
			productName = FirebaseFunctions;
		};
		1982B52C276327B8003DAB1A /* FirebaseFunctionsCombine-Community */ = {
			isa = XCSwiftPackageProductDependency;
			package = 1982B50D276327B8003DAB1A /* XCRemoteSwiftPackageReference "firebase-ios-sdk" */;
			productName = "FirebaseFunctionsCombine-Community";
		};
		1982B52E276327B8003DAB1A /* FirebaseInAppMessaging-Beta */ = {
			isa = XCSwiftPackageProductDependency;
			package = 1982B50D276327B8003DAB1A /* XCRemoteSwiftPackageReference "firebase-ios-sdk" */;
			productName = "FirebaseInAppMessaging-Beta";
		};
		1982B530276327B8003DAB1A /* FirebaseInAppMessagingSwift-Beta */ = {
			isa = XCSwiftPackageProductDependency;
			package = 1982B50D276327B8003DAB1A /* XCRemoteSwiftPackageReference "firebase-ios-sdk" */;
			productName = "FirebaseInAppMessagingSwift-Beta";
		};
		1982B532276327B8003DAB1A /* FirebaseInstallations */ = {
			isa = XCSwiftPackageProductDependency;
			package = 1982B50D276327B8003DAB1A /* XCRemoteSwiftPackageReference "firebase-ios-sdk" */;
			productName = FirebaseInstallations;
		};
		1982B534276327B8003DAB1A /* FirebaseMLModelDownloader */ = {
			isa = XCSwiftPackageProductDependency;
			package = 1982B50D276327B8003DAB1A /* XCRemoteSwiftPackageReference "firebase-ios-sdk" */;
			productName = FirebaseMLModelDownloader;
		};
		1982B536276327B8003DAB1A /* FirebaseMessaging */ = {
			isa = XCSwiftPackageProductDependency;
			package = 1982B50D276327B8003DAB1A /* XCRemoteSwiftPackageReference "firebase-ios-sdk" */;
			productName = FirebaseMessaging;
		};
		1982B538276327B8003DAB1A /* FirebasePerformance */ = {
			isa = XCSwiftPackageProductDependency;
			package = 1982B50D276327B8003DAB1A /* XCRemoteSwiftPackageReference "firebase-ios-sdk" */;
			productName = FirebasePerformance;
		};
		1982B53A276327B8003DAB1A /* FirebaseRemoteConfig */ = {
			isa = XCSwiftPackageProductDependency;
			package = 1982B50D276327B8003DAB1A /* XCRemoteSwiftPackageReference "firebase-ios-sdk" */;
			productName = FirebaseRemoteConfig;
		};
		1982B53C276327B8003DAB1A /* FirebaseStorage */ = {
			isa = XCSwiftPackageProductDependency;
			package = 1982B50D276327B8003DAB1A /* XCRemoteSwiftPackageReference "firebase-ios-sdk" */;
			productName = FirebaseStorage;
		};
		1982B53E276327B8003DAB1A /* FirebaseStorageCombine-Community */ = {
			isa = XCSwiftPackageProductDependency;
			package = 1982B50D276327B8003DAB1A /* XCRemoteSwiftPackageReference "firebase-ios-sdk" */;
			productName = "FirebaseStorageCombine-Community";
		};
		1982B540276327B8003DAB1A /* FirebaseStorageSwift-Beta */ = {
			isa = XCSwiftPackageProductDependency;
			package = 1982B50D276327B8003DAB1A /* XCRemoteSwiftPackageReference "firebase-ios-sdk" */;
			productName = "FirebaseStorageSwift-Beta";
		};
/* End XCSwiftPackageProductDependency section */
	};
	rootObject = 1952AA662760FD3D00675931 /* Project object */;
}
