// !$*UTF8*$!
{
	archiveVersion = 1;
	classes = {
	};
	objectVersion = 55;
	objects = {

/* Begin PBXBuildFile section */
		193D993327623E60004ACA7F /* MainScreenPresenter.swift in Sources */ = {isa = PBXBuildFile; fileRef = 193D992C27623E60004ACA7F /* MainScreenPresenter.swift */; };
		193D993427623E60004ACA7F /* MainScreenRouter.swift in Sources */ = {isa = PBXBuildFile; fileRef = 193D992D27623E60004ACA7F /* MainScreenRouter.swift */; };
		193D993527623E60004ACA7F /* MainScreenViewController.swift in Sources */ = {isa = PBXBuildFile; fileRef = 193D992E27623E60004ACA7F /* MainScreenViewController.swift */; };
		193D993627623E60004ACA7F /* MainScreenAssembly.swift in Sources */ = {isa = PBXBuildFile; fileRef = 193D992F27623E60004ACA7F /* MainScreenAssembly.swift */; };
		193D993727623E60004ACA7F /* MainScreenInteractor.swift in Sources */ = {isa = PBXBuildFile; fileRef = 193D993027623E60004ACA7F /* MainScreenInteractor.swift */; };
		193D993827623E60004ACA7F /* MainScreenModel.swift in Sources */ = {isa = PBXBuildFile; fileRef = 193D993127623E60004ACA7F /* MainScreenModel.swift */; };
		193D993B27623F0E004ACA7F /* ModuleTransitionHandler.swift in Sources */ = {isa = PBXBuildFile; fileRef = 193D993A27623F0E004ACA7F /* ModuleTransitionHandler.swift */; };
		193D994027624052004ACA7F /* AuthorizationPresenter.swift in Sources */ = {isa = PBXBuildFile; fileRef = 193D993C27624052004ACA7F /* AuthorizationPresenter.swift */; };
		193D994127624052004ACA7F /* AuthorizationRouter.swift in Sources */ = {isa = PBXBuildFile; fileRef = 193D993D27624052004ACA7F /* AuthorizationRouter.swift */; };
		193D994227624052004ACA7F /* AuthorizationViewController.swift in Sources */ = {isa = PBXBuildFile; fileRef = 193D993E27624052004ACA7F /* AuthorizationViewController.swift */; };
		193D994327624052004ACA7F /* AuthorizationAssembly.swift in Sources */ = {isa = PBXBuildFile; fileRef = 193D993F27624052004ACA7F /* AuthorizationAssembly.swift */; };
		193D9948276249D0004ACA7F /* Colors.xcassets in Resources */ = {isa = PBXBuildFile; fileRef = 193D9947276249D0004ACA7F /* Colors.xcassets */; };
		193D994D27624BF6004ACA7F /* R.generated.swift in Sources */ = {isa = PBXBuildFile; fileRef = 193D994C27624BF6004ACA7F /* R.generated.swift */; };
		193D994F27624C0C004ACA7F /* Constants.swift in Sources */ = {isa = PBXBuildFile; fileRef = 193D994E27624C0C004ACA7F /* Constants.swift */; };
		193D995127624E1E004ACA7F /* Configurable.swift in Sources */ = {isa = PBXBuildFile; fileRef = 193D995027624E1E004ACA7F /* Configurable.swift */; };
		193D99532762507D004ACA7F /* AuthorizationViewModel.swift in Sources */ = {isa = PBXBuildFile; fileRef = 193D99522762507D004ACA7F /* AuthorizationViewModel.swift */; };
		1952AA722760FD3D00675931 /* AppDelegate.swift in Sources */ = {isa = PBXBuildFile; fileRef = 1952AA712760FD3D00675931 /* AppDelegate.swift */; };
		1952AA7B2760FD3E00675931 /* Assets.xcassets in Resources */ = {isa = PBXBuildFile; fileRef = 1952AA7A2760FD3E00675931 /* Assets.xcassets */; };
		1952AA7E2760FD3E00675931 /* LaunchScreen.storyboard in Resources */ = {isa = PBXBuildFile; fileRef = 1952AA7C2760FD3E00675931 /* LaunchScreen.storyboard */; };
		1952AA8E2761003D00675931 /* ViewOutput.swift in Sources */ = {isa = PBXBuildFile; fileRef = 1952AA8D2761003D00675931 /* ViewOutput.swift */; };
		1952AA93276100C600675931 /* Assembly.swift in Sources */ = {isa = PBXBuildFile; fileRef = 1952AA92276100C600675931 /* Assembly.swift */; };
		1952AA95276100EE00675931 /* TransitionModel.swift in Sources */ = {isa = PBXBuildFile; fileRef = 1952AA94276100EE00675931 /* TransitionModel.swift */; };
		1982B50C27632647003DAB1A /* GoogleService-Info.plist in Resources */ = {isa = PBXBuildFile; fileRef = 1982B50B27632647003DAB1A /* GoogleService-Info.plist */; };
		1982B50F276327B8003DAB1A /* FirebaseAnalytics in Frameworks */ = {isa = PBXBuildFile; productRef = 1982B50E276327B8003DAB1A /* FirebaseAnalytics */; };
		1982B511276327B8003DAB1A /* FirebaseAnalyticsSwift-Beta in Frameworks */ = {isa = PBXBuildFile; productRef = 1982B510276327B8003DAB1A /* FirebaseAnalyticsSwift-Beta */; };
		1982B513276327B8003DAB1A /* FirebaseAnalyticsWithoutAdIdSupport in Frameworks */ = {isa = PBXBuildFile; productRef = 1982B512276327B8003DAB1A /* FirebaseAnalyticsWithoutAdIdSupport */; };
		1982B515276327B8003DAB1A /* FirebaseAppCheck in Frameworks */ = {isa = PBXBuildFile; productRef = 1982B514276327B8003DAB1A /* FirebaseAppCheck */; };
		1982B517276327B8003DAB1A /* FirebaseAppDistribution-Beta in Frameworks */ = {isa = PBXBuildFile; productRef = 1982B516276327B8003DAB1A /* FirebaseAppDistribution-Beta */; };
		1982B519276327B8003DAB1A /* FirebaseAuth in Frameworks */ = {isa = PBXBuildFile; productRef = 1982B518276327B8003DAB1A /* FirebaseAuth */; };
		1982B51B276327B8003DAB1A /* FirebaseAuthCombine-Community in Frameworks */ = {isa = PBXBuildFile; productRef = 1982B51A276327B8003DAB1A /* FirebaseAuthCombine-Community */; };
		1982B51D276327B8003DAB1A /* FirebaseCrashlytics in Frameworks */ = {isa = PBXBuildFile; productRef = 1982B51C276327B8003DAB1A /* FirebaseCrashlytics */; };
		1982B51F276327B8003DAB1A /* FirebaseDatabase in Frameworks */ = {isa = PBXBuildFile; productRef = 1982B51E276327B8003DAB1A /* FirebaseDatabase */; };
		1982B521276327B8003DAB1A /* FirebaseDatabaseSwift-Beta in Frameworks */ = {isa = PBXBuildFile; productRef = 1982B520276327B8003DAB1A /* FirebaseDatabaseSwift-Beta */; };
		1982B523276327B8003DAB1A /* FirebaseDynamicLinks in Frameworks */ = {isa = PBXBuildFile; productRef = 1982B522276327B8003DAB1A /* FirebaseDynamicLinks */; };
		1982B525276327B8003DAB1A /* FirebaseFirestore in Frameworks */ = {isa = PBXBuildFile; productRef = 1982B524276327B8003DAB1A /* FirebaseFirestore */; };
		1982B527276327B8003DAB1A /* FirebaseFirestoreCombine-Community in Frameworks */ = {isa = PBXBuildFile; productRef = 1982B526276327B8003DAB1A /* FirebaseFirestoreCombine-Community */; };
		1982B529276327B8003DAB1A /* FirebaseFirestoreSwift-Beta in Frameworks */ = {isa = PBXBuildFile; productRef = 1982B528276327B8003DAB1A /* FirebaseFirestoreSwift-Beta */; };
		1982B52B276327B8003DAB1A /* FirebaseFunctions in Frameworks */ = {isa = PBXBuildFile; productRef = 1982B52A276327B8003DAB1A /* FirebaseFunctions */; };
		1982B52D276327B8003DAB1A /* FirebaseFunctionsCombine-Community in Frameworks */ = {isa = PBXBuildFile; productRef = 1982B52C276327B8003DAB1A /* FirebaseFunctionsCombine-Community */; };
		1982B52F276327B8003DAB1A /* FirebaseInAppMessaging-Beta in Frameworks */ = {isa = PBXBuildFile; productRef = 1982B52E276327B8003DAB1A /* FirebaseInAppMessaging-Beta */; };
		1982B531276327B8003DAB1A /* FirebaseInAppMessagingSwift-Beta in Frameworks */ = {isa = PBXBuildFile; productRef = 1982B530276327B8003DAB1A /* FirebaseInAppMessagingSwift-Beta */; };
		1982B533276327B8003DAB1A /* FirebaseInstallations in Frameworks */ = {isa = PBXBuildFile; productRef = 1982B532276327B8003DAB1A /* FirebaseInstallations */; };
		1982B535276327B8003DAB1A /* FirebaseMLModelDownloader in Frameworks */ = {isa = PBXBuildFile; productRef = 1982B534276327B8003DAB1A /* FirebaseMLModelDownloader */; };
		1982B537276327B8003DAB1A /* FirebaseMessaging in Frameworks */ = {isa = PBXBuildFile; productRef = 1982B536276327B8003DAB1A /* FirebaseMessaging */; };
		1982B539276327B8003DAB1A /* FirebasePerformance in Frameworks */ = {isa = PBXBuildFile; productRef = 1982B538276327B8003DAB1A /* FirebasePerformance */; };
		1982B53B276327B8003DAB1A /* FirebaseRemoteConfig in Frameworks */ = {isa = PBXBuildFile; productRef = 1982B53A276327B8003DAB1A /* FirebaseRemoteConfig */; };
		1982B53D276327B8003DAB1A /* FirebaseStorage in Frameworks */ = {isa = PBXBuildFile; productRef = 1982B53C276327B8003DAB1A /* FirebaseStorage */; };
		1982B53F276327B8003DAB1A /* FirebaseStorageCombine-Community in Frameworks */ = {isa = PBXBuildFile; productRef = 1982B53E276327B8003DAB1A /* FirebaseStorageCombine-Community */; };
		1982B541276327B8003DAB1A /* FirebaseStorageSwift-Beta in Frameworks */ = {isa = PBXBuildFile; productRef = 1982B540276327B8003DAB1A /* FirebaseStorageSwift-Beta */; };
		1982B544276330B8003DAB1A /* FirebaseAuthService.swift in Sources */ = {isa = PBXBuildFile; fileRef = 1982B543276330B8003DAB1A /* FirebaseAuthService.swift */; };
		1982B546276335F1003DAB1A /* DispatchQueue.swift in Sources */ = {isa = PBXBuildFile; fileRef = 1982B545276335F1003DAB1A /* DispatchQueue.swift */; };
		1982B54827633B1A003DAB1A /* AuthorizationInteractor.swift in Sources */ = {isa = PBXBuildFile; fileRef = 1982B54727633B1A003DAB1A /* AuthorizationInteractor.swift */; };
		1982B54B27634287003DAB1A /* UIViewController+HUD.swift in Sources */ = {isa = PBXBuildFile; fileRef = 1982B54A27634287003DAB1A /* UIViewController+HUD.swift */; };
		1982B54D2763446B003DAB1A /* ProgressHUD.swift in Sources */ = {isa = PBXBuildFile; fileRef = 1982B54C2763446B003DAB1A /* ProgressHUD.swift */; };
		1982B54F27634582003DAB1A /* ProgressHUDSize.swift in Sources */ = {isa = PBXBuildFile; fileRef = 1982B54E27634582003DAB1A /* ProgressHUDSize.swift */; };
		1982B5512763467C003DAB1A /* ProgressHUDContainer.swift in Sources */ = {isa = PBXBuildFile; fileRef = 1982B5502763467C003DAB1A /* ProgressHUDContainer.swift */; };
		1982B55327635130003DAB1A /* FirebaseUDKeys.swift in Sources */ = {isa = PBXBuildFile; fileRef = 1982B55227635130003DAB1A /* FirebaseUDKeys.swift */; };
		1982B55927635858003DAB1A /* TestsPresenter.swift in Sources */ = {isa = PBXBuildFile; fileRef = 1982B55527635858003DAB1A /* TestsPresenter.swift */; };
		1982B55A27635858003DAB1A /* TestsRouter.swift in Sources */ = {isa = PBXBuildFile; fileRef = 1982B55627635858003DAB1A /* TestsRouter.swift */; };
		1982B55B27635858003DAB1A /* TestsViewController.swift in Sources */ = {isa = PBXBuildFile; fileRef = 1982B55727635858003DAB1A /* TestsViewController.swift */; };
		1982B55C27635858003DAB1A /* TestsAssembly.swift in Sources */ = {isa = PBXBuildFile; fileRef = 1982B55827635858003DAB1A /* TestsAssembly.swift */; };
		1982B55E27636842003DAB1A /* Collection+SafeSubscript.swift in Sources */ = {isa = PBXBuildFile; fileRef = 1982B55D27636841003DAB1A /* Collection+SafeSubscript.swift */; };
		1982B564276398E7003DAB1A /* ProfilePresenter.swift in Sources */ = {isa = PBXBuildFile; fileRef = 1982B560276398E7003DAB1A /* ProfilePresenter.swift */; };
		1982B565276398E7003DAB1A /* ProfileRouter.swift in Sources */ = {isa = PBXBuildFile; fileRef = 1982B561276398E7003DAB1A /* ProfileRouter.swift */; };
		1982B566276398E7003DAB1A /* ProfileViewController.swift in Sources */ = {isa = PBXBuildFile; fileRef = 1982B562276398E7003DAB1A /* ProfileViewController.swift */; };
		1982B567276398E7003DAB1A /* ProfileAssembly.swift in Sources */ = {isa = PBXBuildFile; fileRef = 1982B563276398E7003DAB1A /* ProfileAssembly.swift */; };
		1982B5692763998A003DAB1A /* ProfileViewModel.swift in Sources */ = {isa = PBXBuildFile; fileRef = 1982B5682763998A003DAB1A /* ProfileViewModel.swift */; };
		1982B56C27639B10003DAB1A /* AuthorizedUserModel.swift in Sources */ = {isa = PBXBuildFile; fileRef = 1982B56B27639B10003DAB1A /* AuthorizedUserModel.swift */; };
		7F0FA2D73F5CD2AADC74B53E /* Pods_Questionnaire.framework in Frameworks */ = {isa = PBXBuildFile; fileRef = 3998792933EDD44090A72F63 /* Pods_Questionnaire.framework */; };
/* End PBXBuildFile section */

/* Begin PBXFileReference section */
		193D992C27623E60004ACA7F /* MainScreenPresenter.swift */ = {isa = PBXFileReference; lastKnownFileType = sourcecode.swift; path = MainScreenPresenter.swift; sourceTree = "<group>"; };
		193D992D27623E60004ACA7F /* MainScreenRouter.swift */ = {isa = PBXFileReference; lastKnownFileType = sourcecode.swift; path = MainScreenRouter.swift; sourceTree = "<group>"; };
		193D992E27623E60004ACA7F /* MainScreenViewController.swift */ = {isa = PBXFileReference; lastKnownFileType = sourcecode.swift; path = MainScreenViewController.swift; sourceTree = "<group>"; };
		193D992F27623E60004ACA7F /* MainScreenAssembly.swift */ = {isa = PBXFileReference; lastKnownFileType = sourcecode.swift; path = MainScreenAssembly.swift; sourceTree = "<group>"; };
		193D993027623E60004ACA7F /* MainScreenInteractor.swift */ = {isa = PBXFileReference; lastKnownFileType = sourcecode.swift; path = MainScreenInteractor.swift; sourceTree = "<group>"; };
		193D993127623E60004ACA7F /* MainScreenModel.swift */ = {isa = PBXFileReference; lastKnownFileType = sourcecode.swift; path = MainScreenModel.swift; sourceTree = "<group>"; };
		193D993A27623F0E004ACA7F /* ModuleTransitionHandler.swift */ = {isa = PBXFileReference; lastKnownFileType = sourcecode.swift; path = ModuleTransitionHandler.swift; sourceTree = "<group>"; };
		193D993C27624052004ACA7F /* AuthorizationPresenter.swift */ = {isa = PBXFileReference; lastKnownFileType = sourcecode.swift; path = AuthorizationPresenter.swift; sourceTree = "<group>"; };
		193D993D27624052004ACA7F /* AuthorizationRouter.swift */ = {isa = PBXFileReference; lastKnownFileType = sourcecode.swift; path = AuthorizationRouter.swift; sourceTree = "<group>"; };
		193D993E27624052004ACA7F /* AuthorizationViewController.swift */ = {isa = PBXFileReference; lastKnownFileType = sourcecode.swift; path = AuthorizationViewController.swift; sourceTree = "<group>"; };
		193D993F27624052004ACA7F /* AuthorizationAssembly.swift */ = {isa = PBXFileReference; lastKnownFileType = sourcecode.swift; path = AuthorizationAssembly.swift; sourceTree = "<group>"; };
		193D9947276249D0004ACA7F /* Colors.xcassets */ = {isa = PBXFileReference; lastKnownFileType = folder.assetcatalog; path = Colors.xcassets; sourceTree = "<group>"; };
		193D994C27624BF6004ACA7F /* R.generated.swift */ = {isa = PBXFileReference; fileEncoding = 4; lastKnownFileType = sourcecode.swift; path = R.generated.swift; sourceTree = SOURCE_ROOT; };
		193D994E27624C0C004ACA7F /* Constants.swift */ = {isa = PBXFileReference; lastKnownFileType = sourcecode.swift; path = Constants.swift; sourceTree = "<group>"; };
		193D995027624E1E004ACA7F /* Configurable.swift */ = {isa = PBXFileReference; lastKnownFileType = sourcecode.swift; path = Configurable.swift; sourceTree = "<group>"; };
		193D99522762507D004ACA7F /* AuthorizationViewModel.swift */ = {isa = PBXFileReference; lastKnownFileType = sourcecode.swift; path = AuthorizationViewModel.swift; sourceTree = "<group>"; };
		1952AA6E2760FD3D00675931 /* Questionnaire.app */ = {isa = PBXFileReference; explicitFileType = wrapper.application; includeInIndex = 0; path = Questionnaire.app; sourceTree = BUILT_PRODUCTS_DIR; };
		1952AA712760FD3D00675931 /* AppDelegate.swift */ = {isa = PBXFileReference; lastKnownFileType = sourcecode.swift; path = AppDelegate.swift; sourceTree = "<group>"; };
		1952AA7A2760FD3E00675931 /* Assets.xcassets */ = {isa = PBXFileReference; lastKnownFileType = folder.assetcatalog; path = Assets.xcassets; sourceTree = "<group>"; };
		1952AA7D2760FD3E00675931 /* Base */ = {isa = PBXFileReference; lastKnownFileType = file.storyboard; name = Base; path = Base.lproj/LaunchScreen.storyboard; sourceTree = "<group>"; };
		1952AA7F2760FD3E00675931 /* Info.plist */ = {isa = PBXFileReference; lastKnownFileType = text.plist.xml; path = Info.plist; sourceTree = "<group>"; };
		1952AA8D2761003D00675931 /* ViewOutput.swift */ = {isa = PBXFileReference; lastKnownFileType = sourcecode.swift; path = ViewOutput.swift; sourceTree = "<group>"; };
		1952AA92276100C600675931 /* Assembly.swift */ = {isa = PBXFileReference; lastKnownFileType = sourcecode.swift; path = Assembly.swift; sourceTree = "<group>"; };
		1952AA94276100EE00675931 /* TransitionModel.swift */ = {isa = PBXFileReference; lastKnownFileType = sourcecode.swift; path = TransitionModel.swift; sourceTree = "<group>"; };
		1982B50B27632647003DAB1A /* GoogleService-Info.plist */ = {isa = PBXFileReference; fileEncoding = 4; lastKnownFileType = text.plist.xml; path = "GoogleService-Info.plist"; sourceTree = "<group>"; };
		1982B543276330B8003DAB1A /* FirebaseAuthService.swift */ = {isa = PBXFileReference; lastKnownFileType = sourcecode.swift; path = FirebaseAuthService.swift; sourceTree = "<group>"; };
		1982B545276335F1003DAB1A /* DispatchQueue.swift */ = {isa = PBXFileReference; lastKnownFileType = sourcecode.swift; path = DispatchQueue.swift; sourceTree = "<group>"; };
		1982B54727633B1A003DAB1A /* AuthorizationInteractor.swift */ = {isa = PBXFileReference; lastKnownFileType = sourcecode.swift; path = AuthorizationInteractor.swift; sourceTree = "<group>"; };
		1982B54A27634287003DAB1A /* UIViewController+HUD.swift */ = {isa = PBXFileReference; lastKnownFileType = sourcecode.swift; path = "UIViewController+HUD.swift"; sourceTree = "<group>"; };
		1982B54C2763446B003DAB1A /* ProgressHUD.swift */ = {isa = PBXFileReference; lastKnownFileType = sourcecode.swift; path = ProgressHUD.swift; sourceTree = "<group>"; };
		1982B54E27634582003DAB1A /* ProgressHUDSize.swift */ = {isa = PBXFileReference; lastKnownFileType = sourcecode.swift; path = ProgressHUDSize.swift; sourceTree = "<group>"; };
		1982B5502763467C003DAB1A /* ProgressHUDContainer.swift */ = {isa = PBXFileReference; lastKnownFileType = sourcecode.swift; path = ProgressHUDContainer.swift; sourceTree = "<group>"; };
		1982B55227635130003DAB1A /* FirebaseUDKeys.swift */ = {isa = PBXFileReference; lastKnownFileType = sourcecode.swift; path = FirebaseUDKeys.swift; sourceTree = "<group>"; };
		1982B55527635858003DAB1A /* TestsPresenter.swift */ = {isa = PBXFileReference; lastKnownFileType = sourcecode.swift; path = TestsPresenter.swift; sourceTree = "<group>"; };
		1982B55627635858003DAB1A /* TestsRouter.swift */ = {isa = PBXFileReference; lastKnownFileType = sourcecode.swift; path = TestsRouter.swift; sourceTree = "<group>"; };
		1982B55727635858003DAB1A /* TestsViewController.swift */ = {isa = PBXFileReference; lastKnownFileType = sourcecode.swift; path = TestsViewController.swift; sourceTree = "<group>"; };
		1982B55827635858003DAB1A /* TestsAssembly.swift */ = {isa = PBXFileReference; lastKnownFileType = sourcecode.swift; path = TestsAssembly.swift; sourceTree = "<group>"; };
		1982B55D27636841003DAB1A /* Collection+SafeSubscript.swift */ = {isa = PBXFileReference; fileEncoding = 4; lastKnownFileType = sourcecode.swift; path = "Collection+SafeSubscript.swift"; sourceTree = "<group>"; };
		1982B560276398E7003DAB1A /* ProfilePresenter.swift */ = {isa = PBXFileReference; lastKnownFileType = sourcecode.swift; path = ProfilePresenter.swift; sourceTree = "<group>"; };
		1982B561276398E7003DAB1A /* ProfileRouter.swift */ = {isa = PBXFileReference; lastKnownFileType = sourcecode.swift; path = ProfileRouter.swift; sourceTree = "<group>"; };
		1982B562276398E7003DAB1A /* ProfileViewController.swift */ = {isa = PBXFileReference; lastKnownFileType = sourcecode.swift; path = ProfileViewController.swift; sourceTree = "<group>"; };
		1982B563276398E7003DAB1A /* ProfileAssembly.swift */ = {isa = PBXFileReference; lastKnownFileType = sourcecode.swift; path = ProfileAssembly.swift; sourceTree = "<group>"; };
		1982B5682763998A003DAB1A /* ProfileViewModel.swift */ = {isa = PBXFileReference; lastKnownFileType = sourcecode.swift; path = ProfileViewModel.swift; sourceTree = "<group>"; };
		1982B56B27639B10003DAB1A /* AuthorizedUserModel.swift */ = {isa = PBXFileReference; lastKnownFileType = sourcecode.swift; path = AuthorizedUserModel.swift; sourceTree = "<group>"; };
		3998792933EDD44090A72F63 /* Pods_Questionnaire.framework */ = {isa = PBXFileReference; explicitFileType = wrapper.framework; includeInIndex = 0; path = Pods_Questionnaire.framework; sourceTree = BUILT_PRODUCTS_DIR; };
		C6ABDDB1C71174B43894F241 /* Pods-Questionnaire.release.xcconfig */ = {isa = PBXFileReference; includeInIndex = 1; lastKnownFileType = text.xcconfig; name = "Pods-Questionnaire.release.xcconfig"; path = "Target Support Files/Pods-Questionnaire/Pods-Questionnaire.release.xcconfig"; sourceTree = "<group>"; };
		F8198A1AF1F71C4DB43D17C5 /* Pods-Questionnaire.debug.xcconfig */ = {isa = PBXFileReference; includeInIndex = 1; lastKnownFileType = text.xcconfig; name = "Pods-Questionnaire.debug.xcconfig"; path = "Target Support Files/Pods-Questionnaire/Pods-Questionnaire.debug.xcconfig"; sourceTree = "<group>"; };
/* End PBXFileReference section */

/* Begin PBXFrameworksBuildPhase section */
		1952AA6B2760FD3D00675931 /* Frameworks */ = {
			isa = PBXFrameworksBuildPhase;
			buildActionMask = 2147483647;
			files = (
				1982B51F276327B8003DAB1A /* FirebaseDatabase in Frameworks */,
				1982B52D276327B8003DAB1A /* FirebaseFunctionsCombine-Community in Frameworks */,
				1982B525276327B8003DAB1A /* FirebaseFirestore in Frameworks */,
				1982B53D276327B8003DAB1A /* FirebaseStorage in Frameworks */,
				1982B511276327B8003DAB1A /* FirebaseAnalyticsSwift-Beta in Frameworks */,
				1982B541276327B8003DAB1A /* FirebaseStorageSwift-Beta in Frameworks */,
				1982B50F276327B8003DAB1A /* FirebaseAnalytics in Frameworks */,
				7F0FA2D73F5CD2AADC74B53E /* Pods_Questionnaire.framework in Frameworks */,
				1982B535276327B8003DAB1A /* FirebaseMLModelDownloader in Frameworks */,
				1982B515276327B8003DAB1A /* FirebaseAppCheck in Frameworks */,
				1982B513276327B8003DAB1A /* FirebaseAnalyticsWithoutAdIdSupport in Frameworks */,
				1982B519276327B8003DAB1A /* FirebaseAuth in Frameworks */,
				1982B51D276327B8003DAB1A /* FirebaseCrashlytics in Frameworks */,
				1982B521276327B8003DAB1A /* FirebaseDatabaseSwift-Beta in Frameworks */,
				1982B52F276327B8003DAB1A /* FirebaseInAppMessaging-Beta in Frameworks */,
				1982B517276327B8003DAB1A /* FirebaseAppDistribution-Beta in Frameworks */,
				1982B52B276327B8003DAB1A /* FirebaseFunctions in Frameworks */,
				1982B53F276327B8003DAB1A /* FirebaseStorageCombine-Community in Frameworks */,
				1982B53B276327B8003DAB1A /* FirebaseRemoteConfig in Frameworks */,
				1982B51B276327B8003DAB1A /* FirebaseAuthCombine-Community in Frameworks */,
				1982B529276327B8003DAB1A /* FirebaseFirestoreSwift-Beta in Frameworks */,
				1982B539276327B8003DAB1A /* FirebasePerformance in Frameworks */,
				1982B531276327B8003DAB1A /* FirebaseInAppMessagingSwift-Beta in Frameworks */,
				1982B523276327B8003DAB1A /* FirebaseDynamicLinks in Frameworks */,
				1982B527276327B8003DAB1A /* FirebaseFirestoreCombine-Community in Frameworks */,
				1982B537276327B8003DAB1A /* FirebaseMessaging in Frameworks */,
				1982B533276327B8003DAB1A /* FirebaseInstallations in Frameworks */,
			);
			runOnlyForDeploymentPostprocessing = 0;
		};
/* End PBXFrameworksBuildPhase section */

/* Begin PBXGroup section */
		193D993927623E65004ACA7F /* MainScreen */ = {
			isa = PBXGroup;
			children = (
				193D992F27623E60004ACA7F /* MainScreenAssembly.swift */,
				193D992C27623E60004ACA7F /* MainScreenPresenter.swift */,
				193D992E27623E60004ACA7F /* MainScreenViewController.swift */,
				193D993027623E60004ACA7F /* MainScreenInteractor.swift */,
				193D993127623E60004ACA7F /* MainScreenModel.swift */,
				193D992D27623E60004ACA7F /* MainScreenRouter.swift */,
			);
			path = MainScreen;
			sourceTree = "<group>";
		};
		193D994427624057004ACA7F /* Authorization */ = {
			isa = PBXGroup;
			children = (
				1982B54727633B1A003DAB1A /* AuthorizationInteractor.swift */,
				193D993C27624052004ACA7F /* AuthorizationPresenter.swift */,
				193D993D27624052004ACA7F /* AuthorizationRouter.swift */,
				193D993E27624052004ACA7F /* AuthorizationViewController.swift */,
				1982B56A27639ADF003DAB1A /* Model */,
				193D993F27624052004ACA7F /* AuthorizationAssembly.swift */,
			);
			path = Authorization;
			sourceTree = "<group>";
		};
		1952AA652760FD3D00675931 = {
			isa = PBXGroup;
			children = (
				1952AA702760FD3D00675931 /* Questionnaire */,
				1952AA6F2760FD3D00675931 /* Products */,
				8A1A208643FF988542AF8E90 /* Pods */,
				E272C7DFFCEC037D4BB52061 /* Frameworks */,
			);
			sourceTree = "<group>";
		};
		1952AA6F2760FD3D00675931 /* Products */ = {
			isa = PBXGroup;
			children = (
				1952AA6E2760FD3D00675931 /* Questionnaire.app */,
			);
			name = Products;
			sourceTree = "<group>";
		};
		1952AA702760FD3D00675931 /* Questionnaire */ = {
			isa = PBXGroup;
			children = (
				1952AA872760FE5200675931 /* Core */,
				1952AA852760FE3700675931 /* Modules */,
				1952AA7A2760FD3E00675931 /* Assets.xcassets */,
				193D9947276249D0004ACA7F /* Colors.xcassets */,
				193D994C27624BF6004ACA7F /* R.generated.swift */,
				1952AA7C2760FD3E00675931 /* LaunchScreen.storyboard */,
				1982B50B27632647003DAB1A /* GoogleService-Info.plist */,
				1952AA7F2760FD3E00675931 /* Info.plist */,
			);
			path = Questionnaire;
			sourceTree = "<group>";
		};
		1952AA852760FE3700675931 /* Modules */ = {
			isa = PBXGroup;
			children = (
				193D993927623E65004ACA7F /* MainScreen */,
				1982B55F27639887003DAB1A /* Profile */,
				193D994427624057004ACA7F /* Authorization */,
				1982B5542763583D003DAB1A /* Tests */,
			);
			path = Modules;
			sourceTree = "<group>";
		};
		1952AA872760FE5200675931 /* Core */ = {
			isa = PBXGroup;
			children = (
				1982B5492763426F003DAB1A /* Extensions */,
				1982B542276330AB003DAB1A /* Firebase */,
				1952AA8C2761003300675931 /* Protocols */,
				1952AA712760FD3D00675931 /* AppDelegate.swift */,
				193D994E27624C0C004ACA7F /* Constants.swift */,
				1982B545276335F1003DAB1A /* DispatchQueue.swift */,
			);
			path = Core;
			sourceTree = "<group>";
		};
		1952AA8C2761003300675931 /* Protocols */ = {
			isa = PBXGroup;
			children = (
				1952AA8D2761003D00675931 /* ViewOutput.swift */,
				1952AA92276100C600675931 /* Assembly.swift */,
				1952AA94276100EE00675931 /* TransitionModel.swift */,
				193D993A27623F0E004ACA7F /* ModuleTransitionHandler.swift */,
				193D995027624E1E004ACA7F /* Configurable.swift */,
			);
			path = Protocols;
			sourceTree = "<group>";
		};
		1982B542276330AB003DAB1A /* Firebase */ = {
			isa = PBXGroup;
			children = (
				1982B543276330B8003DAB1A /* FirebaseAuthService.swift */,
				1982B55227635130003DAB1A /* FirebaseUDKeys.swift */,
			);
			path = Firebase;
			sourceTree = "<group>";
		};
		1982B5492763426F003DAB1A /* Extensions */ = {
			isa = PBXGroup;
			children = (
				1982B55D27636841003DAB1A /* Collection+SafeSubscript.swift */,
				1982B54A27634287003DAB1A /* UIViewController+HUD.swift */,
				1982B54C2763446B003DAB1A /* ProgressHUD.swift */,
				1982B54E27634582003DAB1A /* ProgressHUDSize.swift */,
				1982B5502763467C003DAB1A /* ProgressHUDContainer.swift */,
			);
			path = Extensions;
			sourceTree = "<group>";
		};
		1982B5542763583D003DAB1A /* Tests */ = {
			isa = PBXGroup;
			children = (
				1982B55527635858003DAB1A /* TestsPresenter.swift */,
				1982B55627635858003DAB1A /* TestsRouter.swift */,
				1982B55727635858003DAB1A /* TestsViewController.swift */,
				1982B55827635858003DAB1A /* TestsAssembly.swift */,
			);
			path = Tests;
			sourceTree = "<group>";
		};
		1982B55F27639887003DAB1A /* Profile */ = {
			isa = PBXGroup;
			children = (
				1982B560276398E7003DAB1A /* ProfilePresenter.swift */,
				1982B5682763998A003DAB1A /* ProfileViewModel.swift */,
				1982B561276398E7003DAB1A /* ProfileRouter.swift */,
				1982B562276398E7003DAB1A /* ProfileViewController.swift */,
				1982B563276398E7003DAB1A /* ProfileAssembly.swift */,
			);
			path = Profile;
			sourceTree = "<group>";
		};
		1982B56A27639ADF003DAB1A /* Model */ = {
			isa = PBXGroup;
			children = (
				193D99522762507D004ACA7F /* AuthorizationViewModel.swift */,
				1982B56B27639B10003DAB1A /* AuthorizedUserModel.swift */,
			);
			path = Model;
			sourceTree = "<group>";
		};
		8A1A208643FF988542AF8E90 /* Pods */ = {
			isa = PBXGroup;
			children = (
				F8198A1AF1F71C4DB43D17C5 /* Pods-Questionnaire.debug.xcconfig */,
				C6ABDDB1C71174B43894F241 /* Pods-Questionnaire.release.xcconfig */,
			);
			path = Pods;
			sourceTree = "<group>";
		};
		E272C7DFFCEC037D4BB52061 /* Frameworks */ = {
			isa = PBXGroup;
			children = (
				3998792933EDD44090A72F63 /* Pods_Questionnaire.framework */,
			);
			name = Frameworks;
			sourceTree = "<group>";
		};
/* End PBXGroup section */

/* Begin PBXNativeTarget section */
		1952AA6D2760FD3D00675931 /* Questionnaire */ = {
			isa = PBXNativeTarget;
			buildConfigurationList = 1952AA822760FD3E00675931 /* Build configuration list for PBXNativeTarget "Questionnaire" */;
			buildPhases = (
				C189CB3B5396FE46615F0083 /* [CP] Check Pods Manifest.lock */,
				193D994927624A2A004ACA7F /* ShellScript */,
				1952AA6A2760FD3D00675931 /* Sources */,
				1952AA6B2760FD3D00675931 /* Frameworks */,
				1952AA6C2760FD3D00675931 /* Resources */,
				5BBDB6C9E51093077D9F246E /* [CP] Embed Pods Frameworks */,
			);
			buildRules = (
			);
			dependencies = (
			);
			name = Questionnaire;
			packageProductDependencies = (
				1982B50E276327B8003DAB1A /* FirebaseAnalytics */,
				1982B510276327B8003DAB1A /* FirebaseAnalyticsSwift-Beta */,
				1982B512276327B8003DAB1A /* FirebaseAnalyticsWithoutAdIdSupport */,
				1982B514276327B8003DAB1A /* FirebaseAppCheck */,
				1982B516276327B8003DAB1A /* FirebaseAppDistribution-Beta */,
				1982B518276327B8003DAB1A /* FirebaseAuth */,
				1982B51A276327B8003DAB1A /* FirebaseAuthCombine-Community */,
				1982B51C276327B8003DAB1A /* FirebaseCrashlytics */,
				1982B51E276327B8003DAB1A /* FirebaseDatabase */,
				1982B520276327B8003DAB1A /* FirebaseDatabaseSwift-Beta */,
				1982B522276327B8003DAB1A /* FirebaseDynamicLinks */,
				1982B524276327B8003DAB1A /* FirebaseFirestore */,
				1982B526276327B8003DAB1A /* FirebaseFirestoreCombine-Community */,
				1982B528276327B8003DAB1A /* FirebaseFirestoreSwift-Beta */,
				1982B52A276327B8003DAB1A /* FirebaseFunctions */,
				1982B52C276327B8003DAB1A /* FirebaseFunctionsCombine-Community */,
				1982B52E276327B8003DAB1A /* FirebaseInAppMessaging-Beta */,
				1982B530276327B8003DAB1A /* FirebaseInAppMessagingSwift-Beta */,
				1982B532276327B8003DAB1A /* FirebaseInstallations */,
				1982B534276327B8003DAB1A /* FirebaseMLModelDownloader */,
				1982B536276327B8003DAB1A /* FirebaseMessaging */,
				1982B538276327B8003DAB1A /* FirebasePerformance */,
				1982B53A276327B8003DAB1A /* FirebaseRemoteConfig */,
				1982B53C276327B8003DAB1A /* FirebaseStorage */,
				1982B53E276327B8003DAB1A /* FirebaseStorageCombine-Community */,
				1982B540276327B8003DAB1A /* FirebaseStorageSwift-Beta */,
			);
			productName = Questionnaire;
			productReference = 1952AA6E2760FD3D00675931 /* Questionnaire.app */;
			productType = "com.apple.product-type.application";
		};
/* End PBXNativeTarget section */

/* Begin PBXProject section */
		1952AA662760FD3D00675931 /* Project object */ = {
			isa = PBXProject;
			attributes = {
				BuildIndependentTargetsInParallel = 1;
				LastSwiftUpdateCheck = 1310;
				LastUpgradeCheck = 1310;
				TargetAttributes = {
					1952AA6D2760FD3D00675931 = {
						CreatedOnToolsVersion = 13.1;
					};
				};
			};
			buildConfigurationList = 1952AA692760FD3D00675931 /* Build configuration list for PBXProject "Questionnaire" */;
			compatibilityVersion = "Xcode 13.0";
			developmentRegion = en;
			hasScannedForEncodings = 0;
			knownRegions = (
				en,
				Base,
			);
			mainGroup = 1952AA652760FD3D00675931;
			packageReferences = (
				1982B50D276327B8003DAB1A /* XCRemoteSwiftPackageReference "firebase-ios-sdk" */,
			);
			productRefGroup = 1952AA6F2760FD3D00675931 /* Products */;
			projectDirPath = "";
			projectRoot = "";
			targets = (
				1952AA6D2760FD3D00675931 /* Questionnaire */,
			);
		};
/* End PBXProject section */

/* Begin PBXResourcesBuildPhase section */
		1952AA6C2760FD3D00675931 /* Resources */ = {
			isa = PBXResourcesBuildPhase;
			buildActionMask = 2147483647;
			files = (
				193D9948276249D0004ACA7F /* Colors.xcassets in Resources */,
				1982B50C27632647003DAB1A /* GoogleService-Info.plist in Resources */,
				1952AA7E2760FD3E00675931 /* LaunchScreen.storyboard in Resources */,
				1952AA7B2760FD3E00675931 /* Assets.xcassets in Resources */,
			);
			runOnlyForDeploymentPostprocessing = 0;
		};
/* End PBXResourcesBuildPhase section */

/* Begin PBXShellScriptBuildPhase section */
		193D994927624A2A004ACA7F /* ShellScript */ = {
			isa = PBXShellScriptBuildPhase;
			alwaysOutOfDate = 1;
			buildActionMask = 2147483647;
			files = (
			);
			inputFileListPaths = (
			);
			inputPaths = (
			);
			outputFileListPaths = (
			);
			outputPaths = (
				$SRCROOT/R.generated.swift,
			);
			runOnlyForDeploymentPostprocessing = 0;
			shellPath = /bin/sh;
			shellScript = "# Type a script or drag a script file from your workspace to insert its path.\n\"$PODS_ROOT/R.swift/rswift\" generate \"$SRCROOT/R.generated.swift\"\n";
		};
		5BBDB6C9E51093077D9F246E /* [CP] Embed Pods Frameworks */ = {
			isa = PBXShellScriptBuildPhase;
			buildActionMask = 2147483647;
			files = (
			);
			inputFileListPaths = (
				"${PODS_ROOT}/Target Support Files/Pods-Questionnaire/Pods-Questionnaire-frameworks-${CONFIGURATION}-input-files.xcfilelist",
			);
			name = "[CP] Embed Pods Frameworks";
			outputFileListPaths = (
				"${PODS_ROOT}/Target Support Files/Pods-Questionnaire/Pods-Questionnaire-frameworks-${CONFIGURATION}-output-files.xcfilelist",
			);
			runOnlyForDeploymentPostprocessing = 0;
			shellPath = /bin/sh;
			shellScript = "\"${PODS_ROOT}/Target Support Files/Pods-Questionnaire/Pods-Questionnaire-frameworks.sh\"\n";
			showEnvVarsInLog = 0;
		};
		C189CB3B5396FE46615F0083 /* [CP] Check Pods Manifest.lock */ = {
			isa = PBXShellScriptBuildPhase;
			buildActionMask = 2147483647;
			files = (
			);
			inputFileListPaths = (
			);
			inputPaths = (
				"${PODS_PODFILE_DIR_PATH}/Podfile.lock",
				"${PODS_ROOT}/Manifest.lock",
			);
			name = "[CP] Check Pods Manifest.lock";
			outputFileListPaths = (
			);
			outputPaths = (
				"$(DERIVED_FILE_DIR)/Pods-Questionnaire-checkManifestLockResult.txt",
			);
			runOnlyForDeploymentPostprocessing = 0;
			shellPath = /bin/sh;
			shellScript = "diff \"${PODS_PODFILE_DIR_PATH}/Podfile.lock\" \"${PODS_ROOT}/Manifest.lock\" > /dev/null\nif [ $? != 0 ] ; then\n    # print error to STDERR\n    echo \"error: The sandbox is not in sync with the Podfile.lock. Run 'pod install' or update your CocoaPods installation.\" >&2\n    exit 1\nfi\n# This output is used by Xcode 'outputs' to avoid re-running this script phase.\necho \"SUCCESS\" > \"${SCRIPT_OUTPUT_FILE_0}\"\n";
			showEnvVarsInLog = 0;
		};
/* End PBXShellScriptBuildPhase section */

/* Begin PBXSourcesBuildPhase section */
		1952AA6A2760FD3D00675931 /* Sources */ = {
			isa = PBXSourcesBuildPhase;
			buildActionMask = 2147483647;
			files = (
				1982B55A27635858003DAB1A /* TestsRouter.swift in Sources */,
				1982B55C27635858003DAB1A /* TestsAssembly.swift in Sources */,
				1982B54827633B1A003DAB1A /* AuthorizationInteractor.swift in Sources */,
				193D994127624052004ACA7F /* AuthorizationRouter.swift in Sources */,
				1982B55927635858003DAB1A /* TestsPresenter.swift in Sources */,
				1982B546276335F1003DAB1A /* DispatchQueue.swift in Sources */,
				193D993427623E60004ACA7F /* MainScreenRouter.swift in Sources */,
				1982B55E27636842003DAB1A /* Collection+SafeSubscript.swift in Sources */,
				1982B5512763467C003DAB1A /* ProgressHUDContainer.swift in Sources */,
				1952AA93276100C600675931 /* Assembly.swift in Sources */,
				193D994227624052004ACA7F /* AuthorizationViewController.swift in Sources */,
				1982B564276398E7003DAB1A /* ProfilePresenter.swift in Sources */,
				1982B54B27634287003DAB1A /* UIViewController+HUD.swift in Sources */,
				193D99532762507D004ACA7F /* AuthorizationViewModel.swift in Sources */,
				1952AA95276100EE00675931 /* TransitionModel.swift in Sources */,
				193D993B27623F0E004ACA7F /* ModuleTransitionHandler.swift in Sources */,
				1952AA722760FD3D00675931 /* AppDelegate.swift in Sources */,
				1982B567276398E7003DAB1A /* ProfileAssembly.swift in Sources */,
				193D994327624052004ACA7F /* AuthorizationAssembly.swift in Sources */,
				1982B55327635130003DAB1A /* FirebaseUDKeys.swift in Sources */,
				193D994D27624BF6004ACA7F /* R.generated.swift in Sources */,
				1952AA8E2761003D00675931 /* ViewOutput.swift in Sources */,
				193D993727623E60004ACA7F /* MainScreenInteractor.swift in Sources */,
				1982B55B27635858003DAB1A /* TestsViewController.swift in Sources */,
				193D993527623E60004ACA7F /* MainScreenViewController.swift in Sources */,
				1982B565276398E7003DAB1A /* ProfileRouter.swift in Sources */,
				1982B56C27639B10003DAB1A /* AuthorizedUserModel.swift in Sources */,
				1982B5692763998A003DAB1A /* ProfileViewModel.swift in Sources */,
				193D994027624052004ACA7F /* AuthorizationPresenter.swift in Sources */,
				1982B54F27634582003DAB1A /* ProgressHUDSize.swift in Sources */,
				1982B544276330B8003DAB1A /* FirebaseAuthService.swift in Sources */,
				193D993327623E60004ACA7F /* MainScreenPresenter.swift in Sources */,
				193D993827623E60004ACA7F /* MainScreenModel.swift in Sources */,
				1982B54D2763446B003DAB1A /* ProgressHUD.swift in Sources */,
				193D993627623E60004ACA7F /* MainScreenAssembly.swift in Sources */,
				1982B566276398E7003DAB1A /* ProfileViewController.swift in Sources */,
				193D995127624E1E004ACA7F /* Configurable.swift in Sources */,
				193D994F27624C0C004ACA7F /* Constants.swift in Sources */,
			);
			runOnlyForDeploymentPostprocessing = 0;
		};
/* End PBXSourcesBuildPhase section */

/* Begin PBXVariantGroup section */
		1952AA7C2760FD3E00675931 /* LaunchScreen.storyboard */ = {
			isa = PBXVariantGroup;
			children = (
				1952AA7D2760FD3E00675931 /* Base */,
			);
			name = LaunchScreen.storyboard;
			sourceTree = "<group>";
		};
/* End PBXVariantGroup section */

/* Begin XCBuildConfiguration section */
		1952AA802760FD3E00675931 /* Debug */ = {
			isa = XCBuildConfiguration;
			buildSettings = {
				ALWAYS_SEARCH_USER_PATHS = NO;
				CLANG_ANALYZER_NONNULL = YES;
				CLANG_ANALYZER_NUMBER_OBJECT_CONVERSION = YES_AGGRESSIVE;
				CLANG_CXX_LANGUAGE_STANDARD = "gnu++17";
				CLANG_CXX_LIBRARY = "libc++";
				CLANG_ENABLE_MODULES = YES;
				CLANG_ENABLE_OBJC_ARC = YES;
				CLANG_ENABLE_OBJC_WEAK = YES;
				CLANG_WARN_BLOCK_CAPTURE_AUTORELEASING = YES;
				CLANG_WARN_BOOL_CONVERSION = YES;
				CLANG_WARN_COMMA = YES;
				CLANG_WARN_CONSTANT_CONVERSION = YES;
				CLANG_WARN_DEPRECATED_OBJC_IMPLEMENTATIONS = YES;
				CLANG_WARN_DIRECT_OBJC_ISA_USAGE = YES_ERROR;
				CLANG_WARN_DOCUMENTATION_COMMENTS = YES;
				CLANG_WARN_EMPTY_BODY = YES;
				CLANG_WARN_ENUM_CONVERSION = YES;
				CLANG_WARN_INFINITE_RECURSION = YES;
				CLANG_WARN_INT_CONVERSION = YES;
				CLANG_WARN_NON_LITERAL_NULL_CONVERSION = YES;
				CLANG_WARN_OBJC_IMPLICIT_RETAIN_SELF = YES;
				CLANG_WARN_OBJC_LITERAL_CONVERSION = YES;
				CLANG_WARN_OBJC_ROOT_CLASS = YES_ERROR;
				CLANG_WARN_QUOTED_INCLUDE_IN_FRAMEWORK_HEADER = YES;
				CLANG_WARN_RANGE_LOOP_ANALYSIS = YES;
				CLANG_WARN_STRICT_PROTOTYPES = YES;
				CLANG_WARN_SUSPICIOUS_MOVE = YES;
				CLANG_WARN_UNGUARDED_AVAILABILITY = YES_AGGRESSIVE;
				CLANG_WARN_UNREACHABLE_CODE = YES;
				CLANG_WARN__DUPLICATE_METHOD_MATCH = YES;
				COPY_PHASE_STRIP = NO;
				DEBUG_INFORMATION_FORMAT = dwarf;
				ENABLE_STRICT_OBJC_MSGSEND = YES;
				ENABLE_TESTABILITY = YES;
				GCC_C_LANGUAGE_STANDARD = gnu11;
				GCC_DYNAMIC_NO_PIC = NO;
				GCC_NO_COMMON_BLOCKS = YES;
				GCC_OPTIMIZATION_LEVEL = 0;
				GCC_PREPROCESSOR_DEFINITIONS = (
					"DEBUG=1",
					"$(inherited)",
				);
				GCC_WARN_64_TO_32_BIT_CONVERSION = YES;
				GCC_WARN_ABOUT_RETURN_TYPE = YES_ERROR;
				GCC_WARN_UNDECLARED_SELECTOR = YES;
				GCC_WARN_UNINITIALIZED_AUTOS = YES_AGGRESSIVE;
				GCC_WARN_UNUSED_FUNCTION = YES;
				GCC_WARN_UNUSED_VARIABLE = YES;
				IPHONEOS_DEPLOYMENT_TARGET = 15.0;
				MTL_ENABLE_DEBUG_INFO = INCLUDE_SOURCE;
				MTL_FAST_MATH = YES;
				ONLY_ACTIVE_ARCH = YES;
				SDKROOT = iphoneos;
				SWIFT_ACTIVE_COMPILATION_CONDITIONS = DEBUG;
				SWIFT_OPTIMIZATION_LEVEL = "-Onone";
			};
			name = Debug;
		};
		1952AA812760FD3E00675931 /* Release */ = {
			isa = XCBuildConfiguration;
			buildSettings = {
				ALWAYS_SEARCH_USER_PATHS = NO;
				CLANG_ANALYZER_NONNULL = YES;
				CLANG_ANALYZER_NUMBER_OBJECT_CONVERSION = YES_AGGRESSIVE;
				CLANG_CXX_LANGUAGE_STANDARD = "gnu++17";
				CLANG_CXX_LIBRARY = "libc++";
				CLANG_ENABLE_MODULES = YES;
				CLANG_ENABLE_OBJC_ARC = YES;
				CLANG_ENABLE_OBJC_WEAK = YES;
				CLANG_WARN_BLOCK_CAPTURE_AUTORELEASING = YES;
				CLANG_WARN_BOOL_CONVERSION = YES;
				CLANG_WARN_COMMA = YES;
				CLANG_WARN_CONSTANT_CONVERSION = YES;
				CLANG_WARN_DEPRECATED_OBJC_IMPLEMENTATIONS = YES;
				CLANG_WARN_DIRECT_OBJC_ISA_USAGE = YES_ERROR;
				CLANG_WARN_DOCUMENTATION_COMMENTS = YES;
				CLANG_WARN_EMPTY_BODY = YES;
				CLANG_WARN_ENUM_CONVERSION = YES;
				CLANG_WARN_INFINITE_RECURSION = YES;
				CLANG_WARN_INT_CONVERSION = YES;
				CLANG_WARN_NON_LITERAL_NULL_CONVERSION = YES;
				CLANG_WARN_OBJC_IMPLICIT_RETAIN_SELF = YES;
				CLANG_WARN_OBJC_LITERAL_CONVERSION = YES;
				CLANG_WARN_OBJC_ROOT_CLASS = YES_ERROR;
				CLANG_WARN_QUOTED_INCLUDE_IN_FRAMEWORK_HEADER = YES;
				CLANG_WARN_RANGE_LOOP_ANALYSIS = YES;
				CLANG_WARN_STRICT_PROTOTYPES = YES;
				CLANG_WARN_SUSPICIOUS_MOVE = YES;
				CLANG_WARN_UNGUARDED_AVAILABILITY = YES_AGGRESSIVE;
				CLANG_WARN_UNREACHABLE_CODE = YES;
				CLANG_WARN__DUPLICATE_METHOD_MATCH = YES;
				COPY_PHASE_STRIP = NO;
				DEBUG_INFORMATION_FORMAT = "dwarf-with-dsym";
				ENABLE_NS_ASSERTIONS = NO;
				ENABLE_STRICT_OBJC_MSGSEND = YES;
				GCC_C_LANGUAGE_STANDARD = gnu11;
				GCC_NO_COMMON_BLOCKS = YES;
				GCC_WARN_64_TO_32_BIT_CONVERSION = YES;
				GCC_WARN_ABOUT_RETURN_TYPE = YES_ERROR;
				GCC_WARN_UNDECLARED_SELECTOR = YES;
				GCC_WARN_UNINITIALIZED_AUTOS = YES_AGGRESSIVE;
				GCC_WARN_UNUSED_FUNCTION = YES;
				GCC_WARN_UNUSED_VARIABLE = YES;
				IPHONEOS_DEPLOYMENT_TARGET = 15.0;
				MTL_ENABLE_DEBUG_INFO = NO;
				MTL_FAST_MATH = YES;
				SDKROOT = iphoneos;
				SWIFT_COMPILATION_MODE = wholemodule;
				SWIFT_OPTIMIZATION_LEVEL = "-O";
				VALIDATE_PRODUCT = YES;
			};
			name = Release;
		};
		1952AA832760FD3E00675931 /* Debug */ = {
			isa = XCBuildConfiguration;
			baseConfigurationReference = F8198A1AF1F71C4DB43D17C5 /* Pods-Questionnaire.debug.xcconfig */;
			buildSettings = {
				ASSETCATALOG_COMPILER_APPICON_NAME = AppIcon;
				ASSETCATALOG_COMPILER_GLOBAL_ACCENT_COLOR_NAME = AccentColor;
				CODE_SIGN_STYLE = Automatic;
				CURRENT_PROJECT_VERSION = 1;
				GENERATE_INFOPLIST_FILE = YES;
				INFOPLIST_FILE = Questionnaire/Info.plist;
				INFOPLIST_KEY_UIApplicationSupportsIndirectInputEvents = YES;
				INFOPLIST_KEY_UILaunchStoryboardName = LaunchScreen;
				INFOPLIST_KEY_UISupportedInterfaceOrientations = "UIInterfaceOrientationPortrait UIInterfaceOrientationPortraitUpsideDown";
				INFOPLIST_KEY_UISupportedInterfaceOrientations_iPad = "UIInterfaceOrientationPortrait UIInterfaceOrientationPortraitUpsideDown UIInterfaceOrientationLandscapeLeft UIInterfaceOrientationLandscapeRight";
				INFOPLIST_KEY_UISupportedInterfaceOrientations_iPhone = "UIInterfaceOrientationPortrait UIInterfaceOrientationLandscapeLeft UIInterfaceOrientationLandscapeRight";
				IPHONEOS_DEPLOYMENT_TARGET = 13.0;
				LD_RUNPATH_SEARCH_PATHS = (
					"$(inherited)",
					"@executable_path/Frameworks",
				);
				MARKETING_VERSION = 1.0;
				PRODUCT_BUNDLE_IDENTIFIER = ru.questionnaire;
				PRODUCT_NAME = "$(TARGET_NAME)";
				SWIFT_EMIT_LOC_STRINGS = YES;
				SWIFT_VERSION = 5.0;
				TARGETED_DEVICE_FAMILY = "1,2";
			};
			name = Debug;
		};
		1952AA842760FD3E00675931 /* Release */ = {
			isa = XCBuildConfiguration;
			baseConfigurationReference = C6ABDDB1C71174B43894F241 /* Pods-Questionnaire.release.xcconfig */;
			buildSettings = {
				ASSETCATALOG_COMPILER_APPICON_NAME = AppIcon;
				ASSETCATALOG_COMPILER_GLOBAL_ACCENT_COLOR_NAME = AccentColor;
				CODE_SIGN_STYLE = Automatic;
				CURRENT_PROJECT_VERSION = 1;
				GENERATE_INFOPLIST_FILE = YES;
				INFOPLIST_FILE = Questionnaire/Info.plist;
				INFOPLIST_KEY_UIApplicationSupportsIndirectInputEvents = YES;
				INFOPLIST_KEY_UILaunchStoryboardName = LaunchScreen;
				INFOPLIST_KEY_UISupportedInterfaceOrientations = "UIInterfaceOrientationPortrait UIInterfaceOrientationPortraitUpsideDown";
				INFOPLIST_KEY_UISupportedInterfaceOrientations_iPad = "UIInterfaceOrientationPortrait UIInterfaceOrientationPortraitUpsideDown UIInterfaceOrientationLandscapeLeft UIInterfaceOrientationLandscapeRight";
				INFOPLIST_KEY_UISupportedInterfaceOrientations_iPhone = "UIInterfaceOrientationPortrait UIInterfaceOrientationLandscapeLeft UIInterfaceOrientationLandscapeRight";
				IPHONEOS_DEPLOYMENT_TARGET = 13.0;
				LD_RUNPATH_SEARCH_PATHS = (
					"$(inherited)",
					"@executable_path/Frameworks",
				);
				MARKETING_VERSION = 1.0;
				PRODUCT_BUNDLE_IDENTIFIER = ru.questionnaire;
				PRODUCT_NAME = "$(TARGET_NAME)";
				SWIFT_EMIT_LOC_STRINGS = YES;
				SWIFT_VERSION = 5.0;
				TARGETED_DEVICE_FAMILY = "1,2";
			};
			name = Release;
		};
/* End XCBuildConfiguration section */

/* Begin XCConfigurationList section */
		1952AA692760FD3D00675931 /* Build configuration list for PBXProject "Questionnaire" */ = {
			isa = XCConfigurationList;
			buildConfigurations = (
				1952AA802760FD3E00675931 /* Debug */,
				1952AA812760FD3E00675931 /* Release */,
			);
			defaultConfigurationIsVisible = 0;
			defaultConfigurationName = Release;
		};
		1952AA822760FD3E00675931 /* Build configuration list for PBXNativeTarget "Questionnaire" */ = {
			isa = XCConfigurationList;
			buildConfigurations = (
				1952AA832760FD3E00675931 /* Debug */,
				1952AA842760FD3E00675931 /* Release */,
			);
			defaultConfigurationIsVisible = 0;
			defaultConfigurationName = Release;
		};
/* End XCConfigurationList section */

/* Begin XCRemoteSwiftPackageReference section */
		1982B50D276327B8003DAB1A /* XCRemoteSwiftPackageReference "firebase-ios-sdk" */ = {
			isa = XCRemoteSwiftPackageReference;
			repositoryURL = "https://github.com/firebase/firebase-ios-sdk";
			requirement = {
				kind = upToNextMajorVersion;
				minimumVersion = 8.0.0;
			};
		};
/* End XCRemoteSwiftPackageReference section */

/* Begin XCSwiftPackageProductDependency section */
		1982B50E276327B8003DAB1A /* FirebaseAnalytics */ = {
			isa = XCSwiftPackageProductDependency;
			package = 1982B50D276327B8003DAB1A /* XCRemoteSwiftPackageReference "firebase-ios-sdk" */;
			productName = FirebaseAnalytics;
		};
		1982B510276327B8003DAB1A /* FirebaseAnalyticsSwift-Beta */ = {
			isa = XCSwiftPackageProductDependency;
			package = 1982B50D276327B8003DAB1A /* XCRemoteSwiftPackageReference "firebase-ios-sdk" */;
			productName = "FirebaseAnalyticsSwift-Beta";
		};
		1982B512276327B8003DAB1A /* FirebaseAnalyticsWithoutAdIdSupport */ = {
			isa = XCSwiftPackageProductDependency;
			package = 1982B50D276327B8003DAB1A /* XCRemoteSwiftPackageReference "firebase-ios-sdk" */;
			productName = FirebaseAnalyticsWithoutAdIdSupport;
		};
		1982B514276327B8003DAB1A /* FirebaseAppCheck */ = {
			isa = XCSwiftPackageProductDependency;
			package = 1982B50D276327B8003DAB1A /* XCRemoteSwiftPackageReference "firebase-ios-sdk" */;
			productName = FirebaseAppCheck;
		};
		1982B516276327B8003DAB1A /* FirebaseAppDistribution-Beta */ = {
			isa = XCSwiftPackageProductDependency;
			package = 1982B50D276327B8003DAB1A /* XCRemoteSwiftPackageReference "firebase-ios-sdk" */;
			productName = "FirebaseAppDistribution-Beta";
		};
		1982B518276327B8003DAB1A /* FirebaseAuth */ = {
			isa = XCSwiftPackageProductDependency;
			package = 1982B50D276327B8003DAB1A /* XCRemoteSwiftPackageReference "firebase-ios-sdk" */;
			productName = FirebaseAuth;
		};
		1982B51A276327B8003DAB1A /* FirebaseAuthCombine-Community */ = {
			isa = XCSwiftPackageProductDependency;
			package = 1982B50D276327B8003DAB1A /* XCRemoteSwiftPackageReference "firebase-ios-sdk" */;
			productName = "FirebaseAuthCombine-Community";
		};
		1982B51C276327B8003DAB1A /* FirebaseCrashlytics */ = {
			isa = XCSwiftPackageProductDependency;
			package = 1982B50D276327B8003DAB1A /* XCRemoteSwiftPackageReference "firebase-ios-sdk" */;
			productName = FirebaseCrashlytics;
		};
		1982B51E276327B8003DAB1A /* FirebaseDatabase */ = {
			isa = XCSwiftPackageProductDependency;
			package = 1982B50D276327B8003DAB1A /* XCRemoteSwiftPackageReference "firebase-ios-sdk" */;
			productName = FirebaseDatabase;
		};
		1982B520276327B8003DAB1A /* FirebaseDatabaseSwift-Beta */ = {
			isa = XCSwiftPackageProductDependency;
			package = 1982B50D276327B8003DAB1A /* XCRemoteSwiftPackageReference "firebase-ios-sdk" */;
			productName = "FirebaseDatabaseSwift-Beta";
		};
		1982B522276327B8003DAB1A /* FirebaseDynamicLinks */ = {
			isa = XCSwiftPackageProductDependency;
			package = 1982B50D276327B8003DAB1A /* XCRemoteSwiftPackageReference "firebase-ios-sdk" */;
			productName = FirebaseDynamicLinks;
		};
		1982B524276327B8003DAB1A /* FirebaseFirestore */ = {
			isa = XCSwiftPackageProductDependency;
			package = 1982B50D276327B8003DAB1A /* XCRemoteSwiftPackageReference "firebase-ios-sdk" */;
			productName = FirebaseFirestore;
		};
		1982B526276327B8003DAB1A /* FirebaseFirestoreCombine-Community */ = {
			isa = XCSwiftPackageProductDependency;
			package = 1982B50D276327B8003DAB1A /* XCRemoteSwiftPackageReference "firebase-ios-sdk" */;
			productName = "FirebaseFirestoreCombine-Community";
		};
		1982B528276327B8003DAB1A /* FirebaseFirestoreSwift-Beta */ = {
			isa = XCSwiftPackageProductDependency;
			package = 1982B50D276327B8003DAB1A /* XCRemoteSwiftPackageReference "firebase-ios-sdk" */;
			productName = "FirebaseFirestoreSwift-Beta";
		};
		1982B52A276327B8003DAB1A /* FirebaseFunctions */ = {
			isa = XCSwiftPackageProductDependency;
			package = 1982B50D276327B8003DAB1A /* XCRemoteSwiftPackageReference "firebase-ios-sdk" */;
			productName = FirebaseFunctions;
		};
		1982B52C276327B8003DAB1A /* FirebaseFunctionsCombine-Community */ = {
			isa = XCSwiftPackageProductDependency;
			package = 1982B50D276327B8003DAB1A /* XCRemoteSwiftPackageReference "firebase-ios-sdk" */;
			productName = "FirebaseFunctionsCombine-Community";
		};
		1982B52E276327B8003DAB1A /* FirebaseInAppMessaging-Beta */ = {
			isa = XCSwiftPackageProductDependency;
			package = 1982B50D276327B8003DAB1A /* XCRemoteSwiftPackageReference "firebase-ios-sdk" */;
			productName = "FirebaseInAppMessaging-Beta";
		};
		1982B530276327B8003DAB1A /* FirebaseInAppMessagingSwift-Beta */ = {
			isa = XCSwiftPackageProductDependency;
			package = 1982B50D276327B8003DAB1A /* XCRemoteSwiftPackageReference "firebase-ios-sdk" */;
			productName = "FirebaseInAppMessagingSwift-Beta";
		};
		1982B532276327B8003DAB1A /* FirebaseInstallations */ = {
			isa = XCSwiftPackageProductDependency;
			package = 1982B50D276327B8003DAB1A /* XCRemoteSwiftPackageReference "firebase-ios-sdk" */;
			productName = FirebaseInstallations;
		};
		1982B534276327B8003DAB1A /* FirebaseMLModelDownloader */ = {
			isa = XCSwiftPackageProductDependency;
			package = 1982B50D276327B8003DAB1A /* XCRemoteSwiftPackageReference "firebase-ios-sdk" */;
			productName = FirebaseMLModelDownloader;
		};
		1982B536276327B8003DAB1A /* FirebaseMessaging */ = {
			isa = XCSwiftPackageProductDependency;
			package = 1982B50D276327B8003DAB1A /* XCRemoteSwiftPackageReference "firebase-ios-sdk" */;
			productName = FirebaseMessaging;
		};
		1982B538276327B8003DAB1A /* FirebasePerformance */ = {
			isa = XCSwiftPackageProductDependency;
			package = 1982B50D276327B8003DAB1A /* XCRemoteSwiftPackageReference "firebase-ios-sdk" */;
			productName = FirebasePerformance;
		};
		1982B53A276327B8003DAB1A /* FirebaseRemoteConfig */ = {
			isa = XCSwiftPackageProductDependency;
			package = 1982B50D276327B8003DAB1A /* XCRemoteSwiftPackageReference "firebase-ios-sdk" */;
			productName = FirebaseRemoteConfig;
		};
		1982B53C276327B8003DAB1A /* FirebaseStorage */ = {
			isa = XCSwiftPackageProductDependency;
			package = 1982B50D276327B8003DAB1A /* XCRemoteSwiftPackageReference "firebase-ios-sdk" */;
			productName = FirebaseStorage;
		};
		1982B53E276327B8003DAB1A /* FirebaseStorageCombine-Community */ = {
			isa = XCSwiftPackageProductDependency;
			package = 1982B50D276327B8003DAB1A /* XCRemoteSwiftPackageReference "firebase-ios-sdk" */;
			productName = "FirebaseStorageCombine-Community";
		};
		1982B540276327B8003DAB1A /* FirebaseStorageSwift-Beta */ = {
			isa = XCSwiftPackageProductDependency;
			package = 1982B50D276327B8003DAB1A /* XCRemoteSwiftPackageReference "firebase-ios-sdk" */;
			productName = "FirebaseStorageSwift-Beta";
		};
/* End XCSwiftPackageProductDependency section */
	};
	rootObject = 1952AA662760FD3D00675931 /* Project object */;
}
